
Microsoft Visual Studio Solution File, Format Version 12.00
# Visual Studio 2012
Project("{FAE04EC0-301F-11D3-BF4B-00C04F79EFBC}") = "CategoricalSeries-GettingStarted", "CategoricalSeries-GettingStarted\CategoricalSeries-GettingStarted.csproj", "{046DADCC-1414-4F26-BBC9-D02F4A793767}"
EndProject
Project("{FAE04EC0-301F-11D3-BF4B-00C04F79EFBC}") = "ScatterSeries-GettingStarted", "ScatterSeries-GettingStarted\ScatterSeries-GettingStarted.csproj", "{396F9B02-F51D-42B6-897A-2D99D5FA4431}"
EndProject
Project("{FAE04EC0-301F-11D3-BF4B-00C04F79EFBC}") = "OhlcSeries-GettingStarted", "OhlcSeries-GettingStarted\OhlcSeries-GettingStarted.csproj", "{1571F9C5-3852-4EB4-8E7C-A8059F72DF42}"
EndProject
Project("{FAE04EC0-301F-11D3-BF4B-00C04F79EFBC}") = "PolarSeries-GettingStarted", "PolarSeries-GettingStarted\PolarSeries-GettingStarted.csproj", "{75253AE6-80D0-446B-8F0C-70936D395E1F}"
EndProject
Project("{FAE04EC0-301F-11D3-BF4B-00C04F79EFBC}") = "RadarSeries-GettingStarted", "RadarSeries-GettingStarted\RadarSeries-GettingStarted.csproj", "{B8019224-E6F9-4E57-AAB9-F15097C04943}"
EndProject
Project("{FAE04EC0-301F-11D3-BF4B-00C04F79EFBC}") = "PieSeries-GettingStarted", "PieSeries-GettingStarted\PieSeries-GettingStarted.csproj", "{2E340195-A392-4CD6-A5E5-499AB68EBD79}"
EndProject
Project("{FAE04EC0-301F-11D3-BF4B-00C04F79EFBC}") = "Axes-HowToUseMultipleAxes", "Axes-HowToUseMultipleAxes\Axes-HowToUseMultipleAxes.csproj", "{B3843671-F88A-434A-8E90-74D3D12E5BE2}"
EndProject
Project("{FAE04EC0-301F-11D3-BF4B-00C04F79EFBC}") = "ToolTipBehavior-SetContentTemplate", "ToolTipBehavior-SetContentTemplate\ToolTipBehavior-SetContentTemplate.csproj", "{870E70FC-E4D9-491D-A2B7-FBAFD2A25238}"
EndProject
Project("{FAE04EC0-301F-11D3-BF4B-00C04F79EFBC}") = "DynamicSeries-UsingCollectionOfCollections", "DynamicSeries-UsingCollectionOfCollections\DynamicSeries-UsingCollectionOfCollections.csproj", "{1D1564DB-120B-4367-B346-194C3AFFA142}"
EndProject
Project("{FAE04EC0-301F-11D3-BF4B-00C04F79EFBC}") = "DynamicSeries-UsingCollectionOfViewModels", "DynamicSeries-UsingCollectionOfViewModels\DynamicSeries-UsingCollectionOfViewModels.csproj", "{0169D031-72C8-4387-9493-4C01C507A8E0}"
EndProject
Project("{FAE04EC0-301F-11D3-BF4B-00C04F79EFBC}") = "FinancialIndicators-GettingStarted", "FinancialIndicators-GettingStarted\FinancialIndicators-GettingStarted.csproj", "{A0DDA7EF-5268-4A80-BC68-02B7D3197063}"
EndProject
Project("{FAE04EC0-301F-11D3-BF4B-00C04F79EFBC}") = "ChartPalette-HowTo-DefineInXAMLandCSharp", "ChartPalette-HowTo-DefineInXAMLandCSharp\ChartPalette-HowTo-DefineInXAMLandCSharp.csproj", "{45A8B1E5-03F6-4DAE-B8F1-AF6BB3465947}"
EndProject
Project("{FAE04EC0-301F-11D3-BF4B-00C04F79EFBC}") = "LegendControl-BoundToPieSeries", "LegendControl-BoundToPieSeries\LegendControl-BoundToPieSeries.csproj", "{6910513B-DC95-414D-A5AE-BC7DC9B3DD29}"
EndProject
Project("{FAE04EC0-301F-11D3-BF4B-00C04F79EFBC}") = "LegendControl-UnboundMode", "LegendControl-UnboundMode\LegendControl-UnboundMode.csproj", "{3EE162CB-DF2F-4594-B5B1-7B3D6BA297D0}"
EndProject
Project("{FAE04EC0-301F-11D3-BF4B-00C04F79EFBC}") = "SeriesLabels-LabelDefinitions", "SeriesLabels-LabelDefinitions\SeriesLabels-LabelDefinitions.csproj", "{C48E7522-D7F8-470E-A89C-94DB2E8DAB09}"
EndProject
Project("{FAE04EC0-301F-11D3-BF4B-00C04F79EFBC}") = "SeriesLabels-LabelStrategy", "SeriesLabels-LabelStrategy\SeriesLabels-LabelStrategy.csproj", "{A42D4284-2244-42D7-A937-47D176A1AF82}"
EndProject
Project("{FAE04EC0-301F-11D3-BF4B-00C04F79EFBC}") = "TrackBallBehavior-GettingStarted", "TrackBallBehavior-GettingStarted\TrackBallBehavior-GettingStarted.csproj", "{1A99D93A-E6D5-41B7-86F9-E88C01D9A3C2}"
EndProject
Project("{FAE04EC0-301F-11D3-BF4B-00C04F79EFBC}") = "PanAndZoomBehavior-GettingStarted", "PanAndZoomBehavior-GettingStarted\PanAndZoomBehavior-GettingStarted.csproj", "{3EFB1592-4B45-424D-BDA5-AF2B8EAA3678}"
EndProject
Project("{FAE04EC0-301F-11D3-BF4B-00C04F79EFBC}") = "SelectionBehavior-GettingStarted", "SelectionBehavior-GettingStarted\SelectionBehavior-GettingStarted.csproj", "{767E96A1-F62A-44B7-9A3D-B77942872264}"
EndProject
Project("{FAE04EC0-301F-11D3-BF4B-00C04F79EFBC}") = "UnboundChart", "UnboundChart\UnboundChart.csproj", "{B136C05B-B6CA-4E69-965C-F709F1BA247D}"
EndProject
Project("{FAE04EC0-301F-11D3-BF4B-00C04F79EFBC}") = "LocalizationInChartUsingUserResourceMap", "LocalizationInChartUsingUserResourceMap\LocalizationInChartUsingUserResourceMap.csproj", "{97D0E2B3-1C4A-48E8-AAEB-38ADE6F2DF07}"
EndProject
Project("{FAE04EC0-301F-11D3-BF4B-00C04F79EFBC}") = "LocalizationInChartUsingIStringResourceLoader", "LocalizationInChartUsingIStringResourceLoader\LocalizationInChartUsingIStringResourceLoader.csproj", "{BDF852EE-0FE1-4EB9-814F-3CD017ADE7C8}"
EndProject
Project("{FAE04EC0-301F-11D3-BF4B-00C04F79EFBC}") = "CartesianChartGrid-Example", "CartesianChartGrid-Example\CartesianChartGrid-Example.csproj", "{57EE486B-4B7F-4D97-A825-4C8A0F146B1D}"
EndProject
Project("{FAE04EC0-301F-11D3-BF4B-00C04F79EFBC}") = "PolarChartGrid-Example", "PolarChartGrid-Example\PolarChartGrid-Example.csproj", "{E2CCF6C8-5F31-4FE3-9BBC-1BDE075D646E}"
EndProject
Project("{FAE04EC0-301F-11D3-BF4B-00C04F79EFBC}") = "PointTemplateInLineSeries", "PointTemplateInLineSeries\PointTemplateInLineSeries.csproj", "{A1E8A2EB-E0D5-4A6A-AC6F-DEF25C440872}"
EndProject
Project("{FAE04EC0-301F-11D3-BF4B-00C04F79EFBC}") = "PointTemplateSelectorInBarSeries", "PointTemplateSelectorInBarSeries\PointTemplateSelectorInBarSeries.csproj", "{DFB14C26-1BD1-46CB-B7CF-4192DBF33E30}"
EndProject
Project("{FAE04EC0-301F-11D3-BF4B-00C04F79EFBC}") = "Annotations-PlotBand-GettingStarted", "Annotations-PlotBand-GettingStarted\Annotations-PlotBand-GettingStarted.csproj", "{7129C95B-06D6-4C56-A900-A64B893C83C7}"
EndProject
Project("{FAE04EC0-301F-11D3-BF4B-00C04F79EFBC}") = "Annotations-GridLine", "Annotations-GridLine\Annotations-GridLine.csproj", "{6D072B24-9A0B-46D3-96E4-1314FE82E37F}"
EndProject
Project("{FAE04EC0-301F-11D3-BF4B-00C04F79EFBC}") = "Annotations-Custom", "Annotations-Custom\Annotations-Custom.csproj", "{95A9AF6A-EAA5-4C58-8F96-F611B55581C5}"
EndProject
Global
	
	GlobalSection(SolutionConfigurationPlatforms) = preSolution
		Debug|Any CPU = Debug|Any CPU
		Debug|ARM = Debug|ARM
		Debug|x64 = Debug|x64
		Debug|x86 = Debug|x86
		Release|Any CPU = Release|Any CPU
		Release|ARM = Release|ARM
		Release|x64 = Release|x64
		Release|x86 = Release|x86
	EndGlobalSection
	GlobalSection(ProjectConfigurationPlatforms) = postSolution
		{046DADCC-1414-4F26-BBC9-D02F4A793767}.Debug|Any CPU.ActiveCfg = Debug|Any CPU
		{046DADCC-1414-4F26-BBC9-D02F4A793767}.Debug|Any CPU.Build.0 = Debug|Any CPU
		{046DADCC-1414-4F26-BBC9-D02F4A793767}.Debug|Any CPU.Deploy.0 = Debug|Any CPU
		{046DADCC-1414-4F26-BBC9-D02F4A793767}.Debug|ARM.ActiveCfg = Debug|ARM
		{046DADCC-1414-4F26-BBC9-D02F4A793767}.Debug|ARM.Build.0 = Debug|ARM
		{046DADCC-1414-4F26-BBC9-D02F4A793767}.Debug|ARM.Deploy.0 = Debug|ARM
		{046DADCC-1414-4F26-BBC9-D02F4A793767}.Debug|x64.ActiveCfg = Debug|x64
		{046DADCC-1414-4F26-BBC9-D02F4A793767}.Debug|x64.Build.0 = Debug|x64
		{046DADCC-1414-4F26-BBC9-D02F4A793767}.Debug|x64.Deploy.0 = Debug|x64
		{046DADCC-1414-4F26-BBC9-D02F4A793767}.Debug|x86.ActiveCfg = Debug|x86
		{046DADCC-1414-4F26-BBC9-D02F4A793767}.Debug|x86.Build.0 = Debug|x86
		{046DADCC-1414-4F26-BBC9-D02F4A793767}.Debug|x86.Deploy.0 = Debug|x86
		{046DADCC-1414-4F26-BBC9-D02F4A793767}.Release|Any CPU.ActiveCfg = Release|Any CPU
		{046DADCC-1414-4F26-BBC9-D02F4A793767}.Release|Any CPU.Build.0 = Release|Any CPU
		{046DADCC-1414-4F26-BBC9-D02F4A793767}.Release|Any CPU.Deploy.0 = Release|Any CPU
		{046DADCC-1414-4F26-BBC9-D02F4A793767}.Release|ARM.ActiveCfg = Release|ARM
		{046DADCC-1414-4F26-BBC9-D02F4A793767}.Release|ARM.Build.0 = Release|ARM
		{046DADCC-1414-4F26-BBC9-D02F4A793767}.Release|ARM.Deploy.0 = Release|ARM
		{046DADCC-1414-4F26-BBC9-D02F4A793767}.Release|x64.ActiveCfg = Release|x64
		{046DADCC-1414-4F26-BBC9-D02F4A793767}.Release|x64.Build.0 = Release|x64
		{046DADCC-1414-4F26-BBC9-D02F4A793767}.Release|x64.Deploy.0 = Release|x64
		{046DADCC-1414-4F26-BBC9-D02F4A793767}.Release|x86.ActiveCfg = Release|x86
		{046DADCC-1414-4F26-BBC9-D02F4A793767}.Release|x86.Build.0 = Release|x86
		{046DADCC-1414-4F26-BBC9-D02F4A793767}.Release|x86.Deploy.0 = Release|x86
		{396F9B02-F51D-42B6-897A-2D99D5FA4431}.Debug|Any CPU.ActiveCfg = Debug|Any CPU
		{396F9B02-F51D-42B6-897A-2D99D5FA4431}.Debug|Any CPU.Build.0 = Debug|Any CPU
		{396F9B02-F51D-42B6-897A-2D99D5FA4431}.Debug|Any CPU.Deploy.0 = Debug|Any CPU
		{396F9B02-F51D-42B6-897A-2D99D5FA4431}.Debug|ARM.ActiveCfg = Debug|ARM
		{396F9B02-F51D-42B6-897A-2D99D5FA4431}.Debug|ARM.Build.0 = Debug|ARM
		{396F9B02-F51D-42B6-897A-2D99D5FA4431}.Debug|ARM.Deploy.0 = Debug|ARM
		{396F9B02-F51D-42B6-897A-2D99D5FA4431}.Debug|x64.ActiveCfg = Debug|x64
		{396F9B02-F51D-42B6-897A-2D99D5FA4431}.Debug|x64.Build.0 = Debug|x64
		{396F9B02-F51D-42B6-897A-2D99D5FA4431}.Debug|x64.Deploy.0 = Debug|x64
		{396F9B02-F51D-42B6-897A-2D99D5FA4431}.Debug|x86.ActiveCfg = Debug|x86
		{396F9B02-F51D-42B6-897A-2D99D5FA4431}.Debug|x86.Build.0 = Debug|x86
		{396F9B02-F51D-42B6-897A-2D99D5FA4431}.Debug|x86.Deploy.0 = Debug|x86
		{396F9B02-F51D-42B6-897A-2D99D5FA4431}.Release|Any CPU.ActiveCfg = Release|Any CPU
		{396F9B02-F51D-42B6-897A-2D99D5FA4431}.Release|Any CPU.Build.0 = Release|Any CPU
		{396F9B02-F51D-42B6-897A-2D99D5FA4431}.Release|Any CPU.Deploy.0 = Release|Any CPU
		{396F9B02-F51D-42B6-897A-2D99D5FA4431}.Release|ARM.ActiveCfg = Release|ARM
		{396F9B02-F51D-42B6-897A-2D99D5FA4431}.Release|ARM.Build.0 = Release|ARM
		{396F9B02-F51D-42B6-897A-2D99D5FA4431}.Release|ARM.Deploy.0 = Release|ARM
		{396F9B02-F51D-42B6-897A-2D99D5FA4431}.Release|x64.ActiveCfg = Release|x64
		{396F9B02-F51D-42B6-897A-2D99D5FA4431}.Release|x64.Build.0 = Release|x64
		{396F9B02-F51D-42B6-897A-2D99D5FA4431}.Release|x64.Deploy.0 = Release|x64
		{396F9B02-F51D-42B6-897A-2D99D5FA4431}.Release|x86.ActiveCfg = Release|x86
		{396F9B02-F51D-42B6-897A-2D99D5FA4431}.Release|x86.Build.0 = Release|x86
		{396F9B02-F51D-42B6-897A-2D99D5FA4431}.Release|x86.Deploy.0 = Release|x86
		{1571F9C5-3852-4EB4-8E7C-A8059F72DF42}.Debug|Any CPU.ActiveCfg = Debug|Any CPU
		{1571F9C5-3852-4EB4-8E7C-A8059F72DF42}.Debug|Any CPU.Build.0 = Debug|Any CPU
		{1571F9C5-3852-4EB4-8E7C-A8059F72DF42}.Debug|Any CPU.Deploy.0 = Debug|Any CPU
		{1571F9C5-3852-4EB4-8E7C-A8059F72DF42}.Debug|ARM.ActiveCfg = Debug|ARM
		{1571F9C5-3852-4EB4-8E7C-A8059F72DF42}.Debug|ARM.Build.0 = Debug|ARM
		{1571F9C5-3852-4EB4-8E7C-A8059F72DF42}.Debug|ARM.Deploy.0 = Debug|ARM
		{1571F9C5-3852-4EB4-8E7C-A8059F72DF42}.Debug|x64.ActiveCfg = Debug|x64
		{1571F9C5-3852-4EB4-8E7C-A8059F72DF42}.Debug|x64.Build.0 = Debug|x64
		{1571F9C5-3852-4EB4-8E7C-A8059F72DF42}.Debug|x64.Deploy.0 = Debug|x64
		{1571F9C5-3852-4EB4-8E7C-A8059F72DF42}.Debug|x86.ActiveCfg = Debug|x86
		{1571F9C5-3852-4EB4-8E7C-A8059F72DF42}.Debug|x86.Build.0 = Debug|x86
		{1571F9C5-3852-4EB4-8E7C-A8059F72DF42}.Debug|x86.Deploy.0 = Debug|x86
		{1571F9C5-3852-4EB4-8E7C-A8059F72DF42}.Release|Any CPU.ActiveCfg = Release|Any CPU
		{1571F9C5-3852-4EB4-8E7C-A8059F72DF42}.Release|Any CPU.Build.0 = Release|Any CPU
		{1571F9C5-3852-4EB4-8E7C-A8059F72DF42}.Release|Any CPU.Deploy.0 = Release|Any CPU
		{1571F9C5-3852-4EB4-8E7C-A8059F72DF42}.Release|ARM.ActiveCfg = Release|ARM
		{1571F9C5-3852-4EB4-8E7C-A8059F72DF42}.Release|ARM.Build.0 = Release|ARM
		{1571F9C5-3852-4EB4-8E7C-A8059F72DF42}.Release|ARM.Deploy.0 = Release|ARM
		{1571F9C5-3852-4EB4-8E7C-A8059F72DF42}.Release|x64.ActiveCfg = Release|x64
		{1571F9C5-3852-4EB4-8E7C-A8059F72DF42}.Release|x64.Build.0 = Release|x64
		{1571F9C5-3852-4EB4-8E7C-A8059F72DF42}.Release|x64.Deploy.0 = Release|x64
		{1571F9C5-3852-4EB4-8E7C-A8059F72DF42}.Release|x86.ActiveCfg = Release|x86
		{1571F9C5-3852-4EB4-8E7C-A8059F72DF42}.Release|x86.Build.0 = Release|x86
		{1571F9C5-3852-4EB4-8E7C-A8059F72DF42}.Release|x86.Deploy.0 = Release|x86
		{75253AE6-80D0-446B-8F0C-70936D395E1F}.Debug|Any CPU.ActiveCfg = Debug|Any CPU
		{75253AE6-80D0-446B-8F0C-70936D395E1F}.Debug|Any CPU.Build.0 = Debug|Any CPU
		{75253AE6-80D0-446B-8F0C-70936D395E1F}.Debug|Any CPU.Deploy.0 = Debug|Any CPU
		{75253AE6-80D0-446B-8F0C-70936D395E1F}.Debug|ARM.ActiveCfg = Debug|ARM
		{75253AE6-80D0-446B-8F0C-70936D395E1F}.Debug|ARM.Build.0 = Debug|ARM
		{75253AE6-80D0-446B-8F0C-70936D395E1F}.Debug|ARM.Deploy.0 = Debug|ARM
		{75253AE6-80D0-446B-8F0C-70936D395E1F}.Debug|x64.ActiveCfg = Debug|x64
		{75253AE6-80D0-446B-8F0C-70936D395E1F}.Debug|x64.Build.0 = Debug|x64
		{75253AE6-80D0-446B-8F0C-70936D395E1F}.Debug|x64.Deploy.0 = Debug|x64
		{75253AE6-80D0-446B-8F0C-70936D395E1F}.Debug|x86.ActiveCfg = Debug|x86
		{75253AE6-80D0-446B-8F0C-70936D395E1F}.Debug|x86.Build.0 = Debug|x86
		{75253AE6-80D0-446B-8F0C-70936D395E1F}.Debug|x86.Deploy.0 = Debug|x86
		{75253AE6-80D0-446B-8F0C-70936D395E1F}.Release|Any CPU.ActiveCfg = Release|Any CPU
		{75253AE6-80D0-446B-8F0C-70936D395E1F}.Release|Any CPU.Build.0 = Release|Any CPU
		{75253AE6-80D0-446B-8F0C-70936D395E1F}.Release|Any CPU.Deploy.0 = Release|Any CPU
		{75253AE6-80D0-446B-8F0C-70936D395E1F}.Release|ARM.ActiveCfg = Release|ARM
		{75253AE6-80D0-446B-8F0C-70936D395E1F}.Release|ARM.Build.0 = Release|ARM
		{75253AE6-80D0-446B-8F0C-70936D395E1F}.Release|ARM.Deploy.0 = Release|ARM
		{75253AE6-80D0-446B-8F0C-70936D395E1F}.Release|x64.ActiveCfg = Release|x64
		{75253AE6-80D0-446B-8F0C-70936D395E1F}.Release|x64.Build.0 = Release|x64
		{75253AE6-80D0-446B-8F0C-70936D395E1F}.Release|x64.Deploy.0 = Release|x64
		{75253AE6-80D0-446B-8F0C-70936D395E1F}.Release|x86.ActiveCfg = Release|x86
		{75253AE6-80D0-446B-8F0C-70936D395E1F}.Release|x86.Build.0 = Release|x86
		{75253AE6-80D0-446B-8F0C-70936D395E1F}.Release|x86.Deploy.0 = Release|x86
		{B8019224-E6F9-4E57-AAB9-F15097C04943}.Debug|Any CPU.ActiveCfg = Debug|Any CPU
		{B8019224-E6F9-4E57-AAB9-F15097C04943}.Debug|Any CPU.Build.0 = Debug|Any CPU
		{B8019224-E6F9-4E57-AAB9-F15097C04943}.Debug|Any CPU.Deploy.0 = Debug|Any CPU
		{B8019224-E6F9-4E57-AAB9-F15097C04943}.Debug|ARM.ActiveCfg = Debug|ARM
		{B8019224-E6F9-4E57-AAB9-F15097C04943}.Debug|ARM.Build.0 = Debug|ARM
		{B8019224-E6F9-4E57-AAB9-F15097C04943}.Debug|ARM.Deploy.0 = Debug|ARM
		{B8019224-E6F9-4E57-AAB9-F15097C04943}.Debug|x64.ActiveCfg = Debug|x64
		{B8019224-E6F9-4E57-AAB9-F15097C04943}.Debug|x64.Build.0 = Debug|x64
		{B8019224-E6F9-4E57-AAB9-F15097C04943}.Debug|x64.Deploy.0 = Debug|x64
		{B8019224-E6F9-4E57-AAB9-F15097C04943}.Debug|x86.ActiveCfg = Debug|x86
		{B8019224-E6F9-4E57-AAB9-F15097C04943}.Debug|x86.Build.0 = Debug|x86
		{B8019224-E6F9-4E57-AAB9-F15097C04943}.Debug|x86.Deploy.0 = Debug|x86
		{B8019224-E6F9-4E57-AAB9-F15097C04943}.Release|Any CPU.ActiveCfg = Release|Any CPU
		{B8019224-E6F9-4E57-AAB9-F15097C04943}.Release|Any CPU.Build.0 = Release|Any CPU
		{B8019224-E6F9-4E57-AAB9-F15097C04943}.Release|Any CPU.Deploy.0 = Release|Any CPU
		{B8019224-E6F9-4E57-AAB9-F15097C04943}.Release|ARM.ActiveCfg = Release|ARM
		{B8019224-E6F9-4E57-AAB9-F15097C04943}.Release|ARM.Build.0 = Release|ARM
		{B8019224-E6F9-4E57-AAB9-F15097C04943}.Release|ARM.Deploy.0 = Release|ARM
		{B8019224-E6F9-4E57-AAB9-F15097C04943}.Release|x64.ActiveCfg = Release|x64
		{B8019224-E6F9-4E57-AAB9-F15097C04943}.Release|x64.Build.0 = Release|x64
		{B8019224-E6F9-4E57-AAB9-F15097C04943}.Release|x64.Deploy.0 = Release|x64
		{B8019224-E6F9-4E57-AAB9-F15097C04943}.Release|x86.ActiveCfg = Release|x86
		{B8019224-E6F9-4E57-AAB9-F15097C04943}.Release|x86.Build.0 = Release|x86
		{B8019224-E6F9-4E57-AAB9-F15097C04943}.Release|x86.Deploy.0 = Release|x86
		{2E340195-A392-4CD6-A5E5-499AB68EBD79}.Debug|Any CPU.ActiveCfg = Debug|Any CPU
		{2E340195-A392-4CD6-A5E5-499AB68EBD79}.Debug|Any CPU.Build.0 = Debug|Any CPU
		{2E340195-A392-4CD6-A5E5-499AB68EBD79}.Debug|Any CPU.Deploy.0 = Debug|Any CPU
		{2E340195-A392-4CD6-A5E5-499AB68EBD79}.Debug|ARM.ActiveCfg = Debug|ARM
		{2E340195-A392-4CD6-A5E5-499AB68EBD79}.Debug|ARM.Build.0 = Debug|ARM
		{2E340195-A392-4CD6-A5E5-499AB68EBD79}.Debug|ARM.Deploy.0 = Debug|ARM
		{2E340195-A392-4CD6-A5E5-499AB68EBD79}.Debug|x64.ActiveCfg = Debug|x64
		{2E340195-A392-4CD6-A5E5-499AB68EBD79}.Debug|x64.Build.0 = Debug|x64
		{2E340195-A392-4CD6-A5E5-499AB68EBD79}.Debug|x64.Deploy.0 = Debug|x64
		{2E340195-A392-4CD6-A5E5-499AB68EBD79}.Debug|x86.ActiveCfg = Debug|x86
		{2E340195-A392-4CD6-A5E5-499AB68EBD79}.Debug|x86.Build.0 = Debug|x86
		{2E340195-A392-4CD6-A5E5-499AB68EBD79}.Debug|x86.Deploy.0 = Debug|x86
		{2E340195-A392-4CD6-A5E5-499AB68EBD79}.Release|Any CPU.ActiveCfg = Release|Any CPU
		{2E340195-A392-4CD6-A5E5-499AB68EBD79}.Release|Any CPU.Build.0 = Release|Any CPU
		{2E340195-A392-4CD6-A5E5-499AB68EBD79}.Release|Any CPU.Deploy.0 = Release|Any CPU
		{2E340195-A392-4CD6-A5E5-499AB68EBD79}.Release|ARM.ActiveCfg = Release|ARM
		{2E340195-A392-4CD6-A5E5-499AB68EBD79}.Release|ARM.Build.0 = Release|ARM
		{2E340195-A392-4CD6-A5E5-499AB68EBD79}.Release|ARM.Deploy.0 = Release|ARM
		{2E340195-A392-4CD6-A5E5-499AB68EBD79}.Release|x64.ActiveCfg = Release|x64
		{2E340195-A392-4CD6-A5E5-499AB68EBD79}.Release|x64.Build.0 = Release|x64
		{2E340195-A392-4CD6-A5E5-499AB68EBD79}.Release|x64.Deploy.0 = Release|x64
		{2E340195-A392-4CD6-A5E5-499AB68EBD79}.Release|x86.ActiveCfg = Release|x86
		{2E340195-A392-4CD6-A5E5-499AB68EBD79}.Release|x86.Build.0 = Release|x86
		{2E340195-A392-4CD6-A5E5-499AB68EBD79}.Release|x86.Deploy.0 = Release|x86
		{B3843671-F88A-434A-8E90-74D3D12E5BE2}.Debug|Any CPU.ActiveCfg = Debug|Any CPU
		{B3843671-F88A-434A-8E90-74D3D12E5BE2}.Debug|Any CPU.Build.0 = Debug|Any CPU
		{B3843671-F88A-434A-8E90-74D3D12E5BE2}.Debug|Any CPU.Deploy.0 = Debug|Any CPU
		{B3843671-F88A-434A-8E90-74D3D12E5BE2}.Debug|ARM.ActiveCfg = Debug|ARM
		{B3843671-F88A-434A-8E90-74D3D12E5BE2}.Debug|ARM.Build.0 = Debug|ARM
		{B3843671-F88A-434A-8E90-74D3D12E5BE2}.Debug|ARM.Deploy.0 = Debug|ARM
		{B3843671-F88A-434A-8E90-74D3D12E5BE2}.Debug|x64.ActiveCfg = Debug|x64
		{B3843671-F88A-434A-8E90-74D3D12E5BE2}.Debug|x64.Build.0 = Debug|x64
		{B3843671-F88A-434A-8E90-74D3D12E5BE2}.Debug|x64.Deploy.0 = Debug|x64
		{B3843671-F88A-434A-8E90-74D3D12E5BE2}.Debug|x86.ActiveCfg = Debug|x86
		{B3843671-F88A-434A-8E90-74D3D12E5BE2}.Debug|x86.Build.0 = Debug|x86
		{B3843671-F88A-434A-8E90-74D3D12E5BE2}.Debug|x86.Deploy.0 = Debug|x86
		{B3843671-F88A-434A-8E90-74D3D12E5BE2}.Release|Any CPU.ActiveCfg = Release|Any CPU
		{B3843671-F88A-434A-8E90-74D3D12E5BE2}.Release|Any CPU.Build.0 = Release|Any CPU
		{B3843671-F88A-434A-8E90-74D3D12E5BE2}.Release|Any CPU.Deploy.0 = Release|Any CPU
		{B3843671-F88A-434A-8E90-74D3D12E5BE2}.Release|ARM.ActiveCfg = Release|ARM
		{B3843671-F88A-434A-8E90-74D3D12E5BE2}.Release|ARM.Build.0 = Release|ARM
		{B3843671-F88A-434A-8E90-74D3D12E5BE2}.Release|ARM.Deploy.0 = Release|ARM
		{B3843671-F88A-434A-8E90-74D3D12E5BE2}.Release|x64.ActiveCfg = Release|x64
		{B3843671-F88A-434A-8E90-74D3D12E5BE2}.Release|x64.Build.0 = Release|x64
		{B3843671-F88A-434A-8E90-74D3D12E5BE2}.Release|x64.Deploy.0 = Release|x64
		{B3843671-F88A-434A-8E90-74D3D12E5BE2}.Release|x86.ActiveCfg = Release|x86
		{B3843671-F88A-434A-8E90-74D3D12E5BE2}.Release|x86.Build.0 = Release|x86
		{B3843671-F88A-434A-8E90-74D3D12E5BE2}.Release|x86.Deploy.0 = Release|x86
		{870E70FC-E4D9-491D-A2B7-FBAFD2A25238}.Debug|Any CPU.ActiveCfg = Debug|Any CPU
		{870E70FC-E4D9-491D-A2B7-FBAFD2A25238}.Debug|Any CPU.Build.0 = Debug|Any CPU
		{870E70FC-E4D9-491D-A2B7-FBAFD2A25238}.Debug|Any CPU.Deploy.0 = Debug|Any CPU
		{870E70FC-E4D9-491D-A2B7-FBAFD2A25238}.Debug|ARM.ActiveCfg = Debug|ARM
		{870E70FC-E4D9-491D-A2B7-FBAFD2A25238}.Debug|ARM.Build.0 = Debug|ARM
		{870E70FC-E4D9-491D-A2B7-FBAFD2A25238}.Debug|ARM.Deploy.0 = Debug|ARM
		{870E70FC-E4D9-491D-A2B7-FBAFD2A25238}.Debug|x64.ActiveCfg = Debug|x64
		{870E70FC-E4D9-491D-A2B7-FBAFD2A25238}.Debug|x64.Build.0 = Debug|x64
		{870E70FC-E4D9-491D-A2B7-FBAFD2A25238}.Debug|x64.Deploy.0 = Debug|x64
		{870E70FC-E4D9-491D-A2B7-FBAFD2A25238}.Debug|x86.ActiveCfg = Debug|x86
		{870E70FC-E4D9-491D-A2B7-FBAFD2A25238}.Debug|x86.Build.0 = Debug|x86
		{870E70FC-E4D9-491D-A2B7-FBAFD2A25238}.Debug|x86.Deploy.0 = Debug|x86
		{870E70FC-E4D9-491D-A2B7-FBAFD2A25238}.Release|Any CPU.ActiveCfg = Release|Any CPU
		{870E70FC-E4D9-491D-A2B7-FBAFD2A25238}.Release|Any CPU.Build.0 = Release|Any CPU
		{870E70FC-E4D9-491D-A2B7-FBAFD2A25238}.Release|Any CPU.Deploy.0 = Release|Any CPU
		{870E70FC-E4D9-491D-A2B7-FBAFD2A25238}.Release|ARM.ActiveCfg = Release|ARM
		{870E70FC-E4D9-491D-A2B7-FBAFD2A25238}.Release|ARM.Build.0 = Release|ARM
		{870E70FC-E4D9-491D-A2B7-FBAFD2A25238}.Release|ARM.Deploy.0 = Release|ARM
		{870E70FC-E4D9-491D-A2B7-FBAFD2A25238}.Release|x64.ActiveCfg = Release|x64
		{870E70FC-E4D9-491D-A2B7-FBAFD2A25238}.Release|x64.Build.0 = Release|x64
		{870E70FC-E4D9-491D-A2B7-FBAFD2A25238}.Release|x64.Deploy.0 = Release|x64
		{870E70FC-E4D9-491D-A2B7-FBAFD2A25238}.Release|x86.ActiveCfg = Release|x86
		{870E70FC-E4D9-491D-A2B7-FBAFD2A25238}.Release|x86.Build.0 = Release|x86
		{870E70FC-E4D9-491D-A2B7-FBAFD2A25238}.Release|x86.Deploy.0 = Release|x86
		{1D1564DB-120B-4367-B346-194C3AFFA142}.Debug|Any CPU.ActiveCfg = Debug|Any CPU
		{1D1564DB-120B-4367-B346-194C3AFFA142}.Debug|Any CPU.Build.0 = Debug|Any CPU
		{1D1564DB-120B-4367-B346-194C3AFFA142}.Debug|Any CPU.Deploy.0 = Debug|Any CPU
		{1D1564DB-120B-4367-B346-194C3AFFA142}.Debug|ARM.ActiveCfg = Debug|ARM
		{1D1564DB-120B-4367-B346-194C3AFFA142}.Debug|ARM.Build.0 = Debug|ARM
		{1D1564DB-120B-4367-B346-194C3AFFA142}.Debug|ARM.Deploy.0 = Debug|ARM
		{1D1564DB-120B-4367-B346-194C3AFFA142}.Debug|x64.ActiveCfg = Debug|x64
		{1D1564DB-120B-4367-B346-194C3AFFA142}.Debug|x64.Build.0 = Debug|x64
		{1D1564DB-120B-4367-B346-194C3AFFA142}.Debug|x64.Deploy.0 = Debug|x64
		{1D1564DB-120B-4367-B346-194C3AFFA142}.Debug|x86.ActiveCfg = Debug|x86
		{1D1564DB-120B-4367-B346-194C3AFFA142}.Debug|x86.Build.0 = Debug|x86
		{1D1564DB-120B-4367-B346-194C3AFFA142}.Debug|x86.Deploy.0 = Debug|x86
		{1D1564DB-120B-4367-B346-194C3AFFA142}.Release|Any CPU.ActiveCfg = Release|Any CPU
		{1D1564DB-120B-4367-B346-194C3AFFA142}.Release|Any CPU.Build.0 = Release|Any CPU
		{1D1564DB-120B-4367-B346-194C3AFFA142}.Release|Any CPU.Deploy.0 = Release|Any CPU
		{1D1564DB-120B-4367-B346-194C3AFFA142}.Release|ARM.ActiveCfg = Release|ARM
		{1D1564DB-120B-4367-B346-194C3AFFA142}.Release|ARM.Build.0 = Release|ARM
		{1D1564DB-120B-4367-B346-194C3AFFA142}.Release|ARM.Deploy.0 = Release|ARM
		{1D1564DB-120B-4367-B346-194C3AFFA142}.Release|x64.ActiveCfg = Release|x64
		{1D1564DB-120B-4367-B346-194C3AFFA142}.Release|x64.Build.0 = Release|x64
		{1D1564DB-120B-4367-B346-194C3AFFA142}.Release|x64.Deploy.0 = Release|x64
		{1D1564DB-120B-4367-B346-194C3AFFA142}.Release|x86.ActiveCfg = Release|x86
		{1D1564DB-120B-4367-B346-194C3AFFA142}.Release|x86.Build.0 = Release|x86
		{1D1564DB-120B-4367-B346-194C3AFFA142}.Release|x86.Deploy.0 = Release|x86
		{0169D031-72C8-4387-9493-4C01C507A8E0}.Debug|Any CPU.ActiveCfg = Debug|Any CPU
		{0169D031-72C8-4387-9493-4C01C507A8E0}.Debug|Any CPU.Build.0 = Debug|Any CPU
		{0169D031-72C8-4387-9493-4C01C507A8E0}.Debug|Any CPU.Deploy.0 = Debug|Any CPU
		{0169D031-72C8-4387-9493-4C01C507A8E0}.Debug|ARM.ActiveCfg = Debug|ARM
		{0169D031-72C8-4387-9493-4C01C507A8E0}.Debug|ARM.Build.0 = Debug|ARM
		{0169D031-72C8-4387-9493-4C01C507A8E0}.Debug|ARM.Deploy.0 = Debug|ARM
		{0169D031-72C8-4387-9493-4C01C507A8E0}.Debug|x64.ActiveCfg = Debug|x64
		{0169D031-72C8-4387-9493-4C01C507A8E0}.Debug|x64.Build.0 = Debug|x64
		{0169D031-72C8-4387-9493-4C01C507A8E0}.Debug|x64.Deploy.0 = Debug|x64
		{0169D031-72C8-4387-9493-4C01C507A8E0}.Debug|x86.ActiveCfg = Debug|x86
		{0169D031-72C8-4387-9493-4C01C507A8E0}.Debug|x86.Build.0 = Debug|x86
		{0169D031-72C8-4387-9493-4C01C507A8E0}.Debug|x86.Deploy.0 = Debug|x86
		{0169D031-72C8-4387-9493-4C01C507A8E0}.Release|Any CPU.ActiveCfg = Release|Any CPU
		{0169D031-72C8-4387-9493-4C01C507A8E0}.Release|Any CPU.Build.0 = Release|Any CPU
		{0169D031-72C8-4387-9493-4C01C507A8E0}.Release|Any CPU.Deploy.0 = Release|Any CPU
		{0169D031-72C8-4387-9493-4C01C507A8E0}.Release|ARM.ActiveCfg = Release|ARM
		{0169D031-72C8-4387-9493-4C01C507A8E0}.Release|ARM.Build.0 = Release|ARM
		{0169D031-72C8-4387-9493-4C01C507A8E0}.Release|ARM.Deploy.0 = Release|ARM
		{0169D031-72C8-4387-9493-4C01C507A8E0}.Release|x64.ActiveCfg = Release|x64
		{0169D031-72C8-4387-9493-4C01C507A8E0}.Release|x64.Build.0 = Release|x64
		{0169D031-72C8-4387-9493-4C01C507A8E0}.Release|x64.Deploy.0 = Release|x64
		{0169D031-72C8-4387-9493-4C01C507A8E0}.Release|x86.ActiveCfg = Release|x86
		{0169D031-72C8-4387-9493-4C01C507A8E0}.Release|x86.Build.0 = Release|x86
		{0169D031-72C8-4387-9493-4C01C507A8E0}.Release|x86.Deploy.0 = Release|x86
		{A0DDA7EF-5268-4A80-BC68-02B7D3197063}.Debug|Any CPU.ActiveCfg = Debug|Any CPU
		{A0DDA7EF-5268-4A80-BC68-02B7D3197063}.Debug|Any CPU.Build.0 = Debug|Any CPU
		{A0DDA7EF-5268-4A80-BC68-02B7D3197063}.Debug|Any CPU.Deploy.0 = Debug|Any CPU
		{A0DDA7EF-5268-4A80-BC68-02B7D3197063}.Debug|ARM.ActiveCfg = Debug|ARM
		{A0DDA7EF-5268-4A80-BC68-02B7D3197063}.Debug|ARM.Build.0 = Debug|ARM
		{A0DDA7EF-5268-4A80-BC68-02B7D3197063}.Debug|ARM.Deploy.0 = Debug|ARM
		{A0DDA7EF-5268-4A80-BC68-02B7D3197063}.Debug|x64.ActiveCfg = Debug|x64
		{A0DDA7EF-5268-4A80-BC68-02B7D3197063}.Debug|x64.Build.0 = Debug|x64
		{A0DDA7EF-5268-4A80-BC68-02B7D3197063}.Debug|x64.Deploy.0 = Debug|x64
		{A0DDA7EF-5268-4A80-BC68-02B7D3197063}.Debug|x86.ActiveCfg = Debug|x86
		{A0DDA7EF-5268-4A80-BC68-02B7D3197063}.Debug|x86.Build.0 = Debug|x86
		{A0DDA7EF-5268-4A80-BC68-02B7D3197063}.Debug|x86.Deploy.0 = Debug|x86
		{A0DDA7EF-5268-4A80-BC68-02B7D3197063}.Release|Any CPU.ActiveCfg = Release|Any CPU
		{A0DDA7EF-5268-4A80-BC68-02B7D3197063}.Release|Any CPU.Build.0 = Release|Any CPU
		{A0DDA7EF-5268-4A80-BC68-02B7D3197063}.Release|Any CPU.Deploy.0 = Release|Any CPU
		{A0DDA7EF-5268-4A80-BC68-02B7D3197063}.Release|ARM.ActiveCfg = Release|ARM
		{A0DDA7EF-5268-4A80-BC68-02B7D3197063}.Release|ARM.Build.0 = Release|ARM
		{A0DDA7EF-5268-4A80-BC68-02B7D3197063}.Release|ARM.Deploy.0 = Release|ARM
		{A0DDA7EF-5268-4A80-BC68-02B7D3197063}.Release|x64.ActiveCfg = Release|x64
		{A0DDA7EF-5268-4A80-BC68-02B7D3197063}.Release|x64.Build.0 = Release|x64
		{A0DDA7EF-5268-4A80-BC68-02B7D3197063}.Release|x64.Deploy.0 = Release|x64
		{A0DDA7EF-5268-4A80-BC68-02B7D3197063}.Release|x86.ActiveCfg = Release|x86
		{A0DDA7EF-5268-4A80-BC68-02B7D3197063}.Release|x86.Build.0 = Release|x86
		{A0DDA7EF-5268-4A80-BC68-02B7D3197063}.Release|x86.Deploy.0 = Release|x86
		{45A8B1E5-03F6-4DAE-B8F1-AF6BB3465947}.Debug|Any CPU.ActiveCfg = Debug|Any CPU
		{45A8B1E5-03F6-4DAE-B8F1-AF6BB3465947}.Debug|Any CPU.Build.0 = Debug|Any CPU
		{45A8B1E5-03F6-4DAE-B8F1-AF6BB3465947}.Debug|Any CPU.Deploy.0 = Debug|Any CPU
		{45A8B1E5-03F6-4DAE-B8F1-AF6BB3465947}.Debug|ARM.ActiveCfg = Debug|ARM
		{45A8B1E5-03F6-4DAE-B8F1-AF6BB3465947}.Debug|ARM.Build.0 = Debug|ARM
		{45A8B1E5-03F6-4DAE-B8F1-AF6BB3465947}.Debug|ARM.Deploy.0 = Debug|ARM
		{45A8B1E5-03F6-4DAE-B8F1-AF6BB3465947}.Debug|x64.ActiveCfg = Debug|x64
		{45A8B1E5-03F6-4DAE-B8F1-AF6BB3465947}.Debug|x64.Build.0 = Debug|x64
		{45A8B1E5-03F6-4DAE-B8F1-AF6BB3465947}.Debug|x64.Deploy.0 = Debug|x64
		{45A8B1E5-03F6-4DAE-B8F1-AF6BB3465947}.Debug|x86.ActiveCfg = Debug|x86
		{45A8B1E5-03F6-4DAE-B8F1-AF6BB3465947}.Debug|x86.Build.0 = Debug|x86
		{45A8B1E5-03F6-4DAE-B8F1-AF6BB3465947}.Debug|x86.Deploy.0 = Debug|x86
		{45A8B1E5-03F6-4DAE-B8F1-AF6BB3465947}.Release|Any CPU.ActiveCfg = Release|Any CPU
		{45A8B1E5-03F6-4DAE-B8F1-AF6BB3465947}.Release|Any CPU.Build.0 = Release|Any CPU
		{45A8B1E5-03F6-4DAE-B8F1-AF6BB3465947}.Release|Any CPU.Deploy.0 = Release|Any CPU
		{45A8B1E5-03F6-4DAE-B8F1-AF6BB3465947}.Release|ARM.ActiveCfg = Release|ARM
		{45A8B1E5-03F6-4DAE-B8F1-AF6BB3465947}.Release|ARM.Build.0 = Release|ARM
		{45A8B1E5-03F6-4DAE-B8F1-AF6BB3465947}.Release|ARM.Deploy.0 = Release|ARM
		{45A8B1E5-03F6-4DAE-B8F1-AF6BB3465947}.Release|x64.ActiveCfg = Release|x64
		{45A8B1E5-03F6-4DAE-B8F1-AF6BB3465947}.Release|x64.Build.0 = Release|x64
		{45A8B1E5-03F6-4DAE-B8F1-AF6BB3465947}.Release|x64.Deploy.0 = Release|x64
		{45A8B1E5-03F6-4DAE-B8F1-AF6BB3465947}.Release|x86.ActiveCfg = Release|x86
		{45A8B1E5-03F6-4DAE-B8F1-AF6BB3465947}.Release|x86.Build.0 = Release|x86
		{45A8B1E5-03F6-4DAE-B8F1-AF6BB3465947}.Release|x86.Deploy.0 = Release|x86
		{6910513B-DC95-414D-A5AE-BC7DC9B3DD29}.Debug|Any CPU.ActiveCfg = Debug|Any CPU
		{6910513B-DC95-414D-A5AE-BC7DC9B3DD29}.Debug|Any CPU.Build.0 = Debug|Any CPU
		{6910513B-DC95-414D-A5AE-BC7DC9B3DD29}.Debug|Any CPU.Deploy.0 = Debug|Any CPU
		{6910513B-DC95-414D-A5AE-BC7DC9B3DD29}.Debug|ARM.ActiveCfg = Debug|ARM
		{6910513B-DC95-414D-A5AE-BC7DC9B3DD29}.Debug|ARM.Build.0 = Debug|ARM
		{6910513B-DC95-414D-A5AE-BC7DC9B3DD29}.Debug|ARM.Deploy.0 = Debug|ARM
		{6910513B-DC95-414D-A5AE-BC7DC9B3DD29}.Debug|x64.ActiveCfg = Debug|x64
		{6910513B-DC95-414D-A5AE-BC7DC9B3DD29}.Debug|x64.Build.0 = Debug|x64
		{6910513B-DC95-414D-A5AE-BC7DC9B3DD29}.Debug|x64.Deploy.0 = Debug|x64
		{6910513B-DC95-414D-A5AE-BC7DC9B3DD29}.Debug|x86.ActiveCfg = Debug|x86
		{6910513B-DC95-414D-A5AE-BC7DC9B3DD29}.Debug|x86.Build.0 = Debug|x86
		{6910513B-DC95-414D-A5AE-BC7DC9B3DD29}.Debug|x86.Deploy.0 = Debug|x86
		{6910513B-DC95-414D-A5AE-BC7DC9B3DD29}.Release|Any CPU.ActiveCfg = Release|Any CPU
		{6910513B-DC95-414D-A5AE-BC7DC9B3DD29}.Release|Any CPU.Build.0 = Release|Any CPU
		{6910513B-DC95-414D-A5AE-BC7DC9B3DD29}.Release|Any CPU.Deploy.0 = Release|Any CPU
		{6910513B-DC95-414D-A5AE-BC7DC9B3DD29}.Release|ARM.ActiveCfg = Release|ARM
		{6910513B-DC95-414D-A5AE-BC7DC9B3DD29}.Release|ARM.Build.0 = Release|ARM
		{6910513B-DC95-414D-A5AE-BC7DC9B3DD29}.Release|ARM.Deploy.0 = Release|ARM
		{6910513B-DC95-414D-A5AE-BC7DC9B3DD29}.Release|x64.ActiveCfg = Release|x64
		{6910513B-DC95-414D-A5AE-BC7DC9B3DD29}.Release|x64.Build.0 = Release|x64
		{6910513B-DC95-414D-A5AE-BC7DC9B3DD29}.Release|x64.Deploy.0 = Release|x64
		{6910513B-DC95-414D-A5AE-BC7DC9B3DD29}.Release|x86.ActiveCfg = Release|x86
		{6910513B-DC95-414D-A5AE-BC7DC9B3DD29}.Release|x86.Build.0 = Release|x86
		{6910513B-DC95-414D-A5AE-BC7DC9B3DD29}.Release|x86.Deploy.0 = Release|x86
		{3EE162CB-DF2F-4594-B5B1-7B3D6BA297D0}.Debug|Any CPU.ActiveCfg = Debug|Any CPU
		{3EE162CB-DF2F-4594-B5B1-7B3D6BA297D0}.Debug|Any CPU.Build.0 = Debug|Any CPU
		{3EE162CB-DF2F-4594-B5B1-7B3D6BA297D0}.Debug|Any CPU.Deploy.0 = Debug|Any CPU
		{3EE162CB-DF2F-4594-B5B1-7B3D6BA297D0}.Debug|ARM.ActiveCfg = Debug|ARM
		{3EE162CB-DF2F-4594-B5B1-7B3D6BA297D0}.Debug|ARM.Build.0 = Debug|ARM
		{3EE162CB-DF2F-4594-B5B1-7B3D6BA297D0}.Debug|ARM.Deploy.0 = Debug|ARM
		{3EE162CB-DF2F-4594-B5B1-7B3D6BA297D0}.Debug|x64.ActiveCfg = Debug|x64
		{3EE162CB-DF2F-4594-B5B1-7B3D6BA297D0}.Debug|x64.Build.0 = Debug|x64
		{3EE162CB-DF2F-4594-B5B1-7B3D6BA297D0}.Debug|x64.Deploy.0 = Debug|x64
		{3EE162CB-DF2F-4594-B5B1-7B3D6BA297D0}.Debug|x86.ActiveCfg = Debug|x86
		{3EE162CB-DF2F-4594-B5B1-7B3D6BA297D0}.Debug|x86.Build.0 = Debug|x86
		{3EE162CB-DF2F-4594-B5B1-7B3D6BA297D0}.Debug|x86.Deploy.0 = Debug|x86
		{3EE162CB-DF2F-4594-B5B1-7B3D6BA297D0}.Release|Any CPU.ActiveCfg = Release|Any CPU
		{3EE162CB-DF2F-4594-B5B1-7B3D6BA297D0}.Release|Any CPU.Build.0 = Release|Any CPU
		{3EE162CB-DF2F-4594-B5B1-7B3D6BA297D0}.Release|Any CPU.Deploy.0 = Release|Any CPU
		{3EE162CB-DF2F-4594-B5B1-7B3D6BA297D0}.Release|ARM.ActiveCfg = Release|ARM
		{3EE162CB-DF2F-4594-B5B1-7B3D6BA297D0}.Release|ARM.Build.0 = Release|ARM
		{3EE162CB-DF2F-4594-B5B1-7B3D6BA297D0}.Release|ARM.Deploy.0 = Release|ARM
		{3EE162CB-DF2F-4594-B5B1-7B3D6BA297D0}.Release|x64.ActiveCfg = Release|x64
		{3EE162CB-DF2F-4594-B5B1-7B3D6BA297D0}.Release|x64.Build.0 = Release|x64
		{3EE162CB-DF2F-4594-B5B1-7B3D6BA297D0}.Release|x64.Deploy.0 = Release|x64
		{3EE162CB-DF2F-4594-B5B1-7B3D6BA297D0}.Release|x86.ActiveCfg = Release|x86
		{3EE162CB-DF2F-4594-B5B1-7B3D6BA297D0}.Release|x86.Build.0 = Release|x86
		{3EE162CB-DF2F-4594-B5B1-7B3D6BA297D0}.Release|x86.Deploy.0 = Release|x86
		{C48E7522-D7F8-470E-A89C-94DB2E8DAB09}.Debug|Any CPU.ActiveCfg = Debug|Any CPU
		{C48E7522-D7F8-470E-A89C-94DB2E8DAB09}.Debug|Any CPU.Build.0 = Debug|Any CPU
		{C48E7522-D7F8-470E-A89C-94DB2E8DAB09}.Debug|Any CPU.Deploy.0 = Debug|Any CPU
		{C48E7522-D7F8-470E-A89C-94DB2E8DAB09}.Debug|ARM.ActiveCfg = Debug|ARM
		{C48E7522-D7F8-470E-A89C-94DB2E8DAB09}.Debug|ARM.Build.0 = Debug|ARM
		{C48E7522-D7F8-470E-A89C-94DB2E8DAB09}.Debug|ARM.Deploy.0 = Debug|ARM
		{C48E7522-D7F8-470E-A89C-94DB2E8DAB09}.Debug|x64.ActiveCfg = Debug|x64
		{C48E7522-D7F8-470E-A89C-94DB2E8DAB09}.Debug|x64.Build.0 = Debug|x64
		{C48E7522-D7F8-470E-A89C-94DB2E8DAB09}.Debug|x64.Deploy.0 = Debug|x64
		{C48E7522-D7F8-470E-A89C-94DB2E8DAB09}.Debug|x86.ActiveCfg = Debug|x86
		{C48E7522-D7F8-470E-A89C-94DB2E8DAB09}.Debug|x86.Build.0 = Debug|x86
		{C48E7522-D7F8-470E-A89C-94DB2E8DAB09}.Debug|x86.Deploy.0 = Debug|x86
		{C48E7522-D7F8-470E-A89C-94DB2E8DAB09}.Release|Any CPU.ActiveCfg = Release|Any CPU
		{C48E7522-D7F8-470E-A89C-94DB2E8DAB09}.Release|Any CPU.Build.0 = Release|Any CPU
		{C48E7522-D7F8-470E-A89C-94DB2E8DAB09}.Release|Any CPU.Deploy.0 = Release|Any CPU
		{C48E7522-D7F8-470E-A89C-94DB2E8DAB09}.Release|ARM.ActiveCfg = Release|ARM
		{C48E7522-D7F8-470E-A89C-94DB2E8DAB09}.Release|ARM.Build.0 = Release|ARM
		{C48E7522-D7F8-470E-A89C-94DB2E8DAB09}.Release|ARM.Deploy.0 = Release|ARM
		{C48E7522-D7F8-470E-A89C-94DB2E8DAB09}.Release|x64.ActiveCfg = Release|x64
		{C48E7522-D7F8-470E-A89C-94DB2E8DAB09}.Release|x64.Build.0 = Release|x64
		{C48E7522-D7F8-470E-A89C-94DB2E8DAB09}.Release|x64.Deploy.0 = Release|x64
		{C48E7522-D7F8-470E-A89C-94DB2E8DAB09}.Release|x86.ActiveCfg = Release|x86
		{C48E7522-D7F8-470E-A89C-94DB2E8DAB09}.Release|x86.Build.0 = Release|x86
		{C48E7522-D7F8-470E-A89C-94DB2E8DAB09}.Release|x86.Deploy.0 = Release|x86
		{A42D4284-2244-42D7-A937-47D176A1AF82}.Debug|Any CPU.ActiveCfg = Debug|Any CPU
		{A42D4284-2244-42D7-A937-47D176A1AF82}.Debug|Any CPU.Build.0 = Debug|Any CPU
		{A42D4284-2244-42D7-A937-47D176A1AF82}.Debug|Any CPU.Deploy.0 = Debug|Any CPU
		{A42D4284-2244-42D7-A937-47D176A1AF82}.Debug|ARM.ActiveCfg = Debug|ARM
		{A42D4284-2244-42D7-A937-47D176A1AF82}.Debug|ARM.Build.0 = Debug|ARM
		{A42D4284-2244-42D7-A937-47D176A1AF82}.Debug|ARM.Deploy.0 = Debug|ARM
		{A42D4284-2244-42D7-A937-47D176A1AF82}.Debug|x64.ActiveCfg = Debug|x64
		{A42D4284-2244-42D7-A937-47D176A1AF82}.Debug|x64.Build.0 = Debug|x64
		{A42D4284-2244-42D7-A937-47D176A1AF82}.Debug|x64.Deploy.0 = Debug|x64
		{A42D4284-2244-42D7-A937-47D176A1AF82}.Debug|x86.ActiveCfg = Debug|x86
		{A42D4284-2244-42D7-A937-47D176A1AF82}.Debug|x86.Build.0 = Debug|x86
		{A42D4284-2244-42D7-A937-47D176A1AF82}.Debug|x86.Deploy.0 = Debug|x86
		{A42D4284-2244-42D7-A937-47D176A1AF82}.Release|Any CPU.ActiveCfg = Release|Any CPU
		{A42D4284-2244-42D7-A937-47D176A1AF82}.Release|Any CPU.Build.0 = Release|Any CPU
		{A42D4284-2244-42D7-A937-47D176A1AF82}.Release|Any CPU.Deploy.0 = Release|Any CPU
		{A42D4284-2244-42D7-A937-47D176A1AF82}.Release|ARM.ActiveCfg = Release|ARM
		{A42D4284-2244-42D7-A937-47D176A1AF82}.Release|ARM.Build.0 = Release|ARM
		{A42D4284-2244-42D7-A937-47D176A1AF82}.Release|ARM.Deploy.0 = Release|ARM
		{A42D4284-2244-42D7-A937-47D176A1AF82}.Release|x64.ActiveCfg = Release|x64
		{A42D4284-2244-42D7-A937-47D176A1AF82}.Release|x64.Build.0 = Release|x64
		{A42D4284-2244-42D7-A937-47D176A1AF82}.Release|x64.Deploy.0 = Release|x64
		{A42D4284-2244-42D7-A937-47D176A1AF82}.Release|x86.ActiveCfg = Release|x86
		{A42D4284-2244-42D7-A937-47D176A1AF82}.Release|x86.Build.0 = Release|x86
		{A42D4284-2244-42D7-A937-47D176A1AF82}.Release|x86.Deploy.0 = Release|x86
		{1A99D93A-E6D5-41B7-86F9-E88C01D9A3C2}.Debug|Any CPU.ActiveCfg = Debug|Any CPU
		{1A99D93A-E6D5-41B7-86F9-E88C01D9A3C2}.Debug|Any CPU.Build.0 = Debug|Any CPU
		{1A99D93A-E6D5-41B7-86F9-E88C01D9A3C2}.Debug|Any CPU.Deploy.0 = Debug|Any CPU
		{1A99D93A-E6D5-41B7-86F9-E88C01D9A3C2}.Debug|ARM.ActiveCfg = Debug|ARM
		{1A99D93A-E6D5-41B7-86F9-E88C01D9A3C2}.Debug|ARM.Build.0 = Debug|ARM
		{1A99D93A-E6D5-41B7-86F9-E88C01D9A3C2}.Debug|ARM.Deploy.0 = Debug|ARM
		{1A99D93A-E6D5-41B7-86F9-E88C01D9A3C2}.Debug|x64.ActiveCfg = Debug|x64
		{1A99D93A-E6D5-41B7-86F9-E88C01D9A3C2}.Debug|x64.Build.0 = Debug|x64
		{1A99D93A-E6D5-41B7-86F9-E88C01D9A3C2}.Debug|x64.Deploy.0 = Debug|x64
		{1A99D93A-E6D5-41B7-86F9-E88C01D9A3C2}.Debug|x86.ActiveCfg = Debug|x86
		{1A99D93A-E6D5-41B7-86F9-E88C01D9A3C2}.Debug|x86.Build.0 = Debug|x86
		{1A99D93A-E6D5-41B7-86F9-E88C01D9A3C2}.Debug|x86.Deploy.0 = Debug|x86
		{1A99D93A-E6D5-41B7-86F9-E88C01D9A3C2}.Release|Any CPU.ActiveCfg = Release|Any CPU
		{1A99D93A-E6D5-41B7-86F9-E88C01D9A3C2}.Release|Any CPU.Build.0 = Release|Any CPU
		{1A99D93A-E6D5-41B7-86F9-E88C01D9A3C2}.Release|Any CPU.Deploy.0 = Release|Any CPU
		{1A99D93A-E6D5-41B7-86F9-E88C01D9A3C2}.Release|ARM.ActiveCfg = Release|ARM
		{1A99D93A-E6D5-41B7-86F9-E88C01D9A3C2}.Release|ARM.Build.0 = Release|ARM
		{1A99D93A-E6D5-41B7-86F9-E88C01D9A3C2}.Release|ARM.Deploy.0 = Release|ARM
		{1A99D93A-E6D5-41B7-86F9-E88C01D9A3C2}.Release|x64.ActiveCfg = Release|x64
		{1A99D93A-E6D5-41B7-86F9-E88C01D9A3C2}.Release|x64.Build.0 = Release|x64
		{1A99D93A-E6D5-41B7-86F9-E88C01D9A3C2}.Release|x64.Deploy.0 = Release|x64
		{1A99D93A-E6D5-41B7-86F9-E88C01D9A3C2}.Release|x86.ActiveCfg = Release|x86
		{1A99D93A-E6D5-41B7-86F9-E88C01D9A3C2}.Release|x86.Build.0 = Release|x86
		{1A99D93A-E6D5-41B7-86F9-E88C01D9A3C2}.Release|x86.Deploy.0 = Release|x86
		{3EFB1592-4B45-424D-BDA5-AF2B8EAA3678}.Debug|Any CPU.ActiveCfg = Debug|Any CPU
		{3EFB1592-4B45-424D-BDA5-AF2B8EAA3678}.Debug|Any CPU.Build.0 = Debug|Any CPU
		{3EFB1592-4B45-424D-BDA5-AF2B8EAA3678}.Debug|Any CPU.Deploy.0 = Debug|Any CPU
		{3EFB1592-4B45-424D-BDA5-AF2B8EAA3678}.Debug|ARM.ActiveCfg = Debug|ARM
		{3EFB1592-4B45-424D-BDA5-AF2B8EAA3678}.Debug|ARM.Build.0 = Debug|ARM
		{3EFB1592-4B45-424D-BDA5-AF2B8EAA3678}.Debug|ARM.Deploy.0 = Debug|ARM
		{3EFB1592-4B45-424D-BDA5-AF2B8EAA3678}.Debug|x64.ActiveCfg = Debug|x64
		{3EFB1592-4B45-424D-BDA5-AF2B8EAA3678}.Debug|x64.Build.0 = Debug|x64
		{3EFB1592-4B45-424D-BDA5-AF2B8EAA3678}.Debug|x64.Deploy.0 = Debug|x64
		{3EFB1592-4B45-424D-BDA5-AF2B8EAA3678}.Debug|x86.ActiveCfg = Debug|x86
		{3EFB1592-4B45-424D-BDA5-AF2B8EAA3678}.Debug|x86.Build.0 = Debug|x86
		{3EFB1592-4B45-424D-BDA5-AF2B8EAA3678}.Debug|x86.Deploy.0 = Debug|x86
		{3EFB1592-4B45-424D-BDA5-AF2B8EAA3678}.Release|Any CPU.ActiveCfg = Release|Any CPU
		{3EFB1592-4B45-424D-BDA5-AF2B8EAA3678}.Release|Any CPU.Build.0 = Release|Any CPU
		{3EFB1592-4B45-424D-BDA5-AF2B8EAA3678}.Release|Any CPU.Deploy.0 = Release|Any CPU
		{3EFB1592-4B45-424D-BDA5-AF2B8EAA3678}.Release|ARM.ActiveCfg = Release|ARM
		{3EFB1592-4B45-424D-BDA5-AF2B8EAA3678}.Release|ARM.Build.0 = Release|ARM
		{3EFB1592-4B45-424D-BDA5-AF2B8EAA3678}.Release|ARM.Deploy.0 = Release|ARM
		{3EFB1592-4B45-424D-BDA5-AF2B8EAA3678}.Release|x64.ActiveCfg = Release|x64
		{3EFB1592-4B45-424D-BDA5-AF2B8EAA3678}.Release|x64.Build.0 = Release|x64
		{3EFB1592-4B45-424D-BDA5-AF2B8EAA3678}.Release|x64.Deploy.0 = Release|x64
		{3EFB1592-4B45-424D-BDA5-AF2B8EAA3678}.Release|x86.ActiveCfg = Release|x86
		{3EFB1592-4B45-424D-BDA5-AF2B8EAA3678}.Release|x86.Build.0 = Release|x86
		{3EFB1592-4B45-424D-BDA5-AF2B8EAA3678}.Release|x86.Deploy.0 = Release|x86
		{767E96A1-F62A-44B7-9A3D-B77942872264}.Debug|Any CPU.ActiveCfg = Debug|Any CPU
		{767E96A1-F62A-44B7-9A3D-B77942872264}.Debug|Any CPU.Build.0 = Debug|Any CPU
		{767E96A1-F62A-44B7-9A3D-B77942872264}.Debug|Any CPU.Deploy.0 = Debug|Any CPU
		{767E96A1-F62A-44B7-9A3D-B77942872264}.Debug|ARM.ActiveCfg = Debug|ARM
		{767E96A1-F62A-44B7-9A3D-B77942872264}.Debug|ARM.Build.0 = Debug|ARM
		{767E96A1-F62A-44B7-9A3D-B77942872264}.Debug|ARM.Deploy.0 = Debug|ARM
		{767E96A1-F62A-44B7-9A3D-B77942872264}.Debug|x64.ActiveCfg = Debug|x64
		{767E96A1-F62A-44B7-9A3D-B77942872264}.Debug|x64.Build.0 = Debug|x64
		{767E96A1-F62A-44B7-9A3D-B77942872264}.Debug|x64.Deploy.0 = Debug|x64
		{767E96A1-F62A-44B7-9A3D-B77942872264}.Debug|x86.ActiveCfg = Debug|x86
		{767E96A1-F62A-44B7-9A3D-B77942872264}.Debug|x86.Build.0 = Debug|x86
		{767E96A1-F62A-44B7-9A3D-B77942872264}.Debug|x86.Deploy.0 = Debug|x86
		{767E96A1-F62A-44B7-9A3D-B77942872264}.Release|Any CPU.ActiveCfg = Release|Any CPU
		{767E96A1-F62A-44B7-9A3D-B77942872264}.Release|Any CPU.Build.0 = Release|Any CPU
		{767E96A1-F62A-44B7-9A3D-B77942872264}.Release|Any CPU.Deploy.0 = Release|Any CPU
		{767E96A1-F62A-44B7-9A3D-B77942872264}.Release|ARM.ActiveCfg = Release|ARM
		{767E96A1-F62A-44B7-9A3D-B77942872264}.Release|ARM.Build.0 = Release|ARM
		{767E96A1-F62A-44B7-9A3D-B77942872264}.Release|ARM.Deploy.0 = Release|ARM
		{767E96A1-F62A-44B7-9A3D-B77942872264}.Release|x64.ActiveCfg = Release|x64
		{767E96A1-F62A-44B7-9A3D-B77942872264}.Release|x64.Build.0 = Release|x64
		{767E96A1-F62A-44B7-9A3D-B77942872264}.Release|x64.Deploy.0 = Release|x64
		{767E96A1-F62A-44B7-9A3D-B77942872264}.Release|x86.ActiveCfg = Release|x86
		{767E96A1-F62A-44B7-9A3D-B77942872264}.Release|x86.Build.0 = Release|x86
		{767E96A1-F62A-44B7-9A3D-B77942872264}.Release|x86.Deploy.0 = Release|x86
		{B136C05B-B6CA-4E69-965C-F709F1BA247D}.Debug|Any CPU.ActiveCfg = Debug|Any CPU
		{B136C05B-B6CA-4E69-965C-F709F1BA247D}.Debug|Any CPU.Build.0 = Debug|Any CPU
		{B136C05B-B6CA-4E69-965C-F709F1BA247D}.Debug|Any CPU.Deploy.0 = Debug|Any CPU
		{B136C05B-B6CA-4E69-965C-F709F1BA247D}.Debug|ARM.ActiveCfg = Debug|ARM
		{B136C05B-B6CA-4E69-965C-F709F1BA247D}.Debug|ARM.Build.0 = Debug|ARM
		{B136C05B-B6CA-4E69-965C-F709F1BA247D}.Debug|ARM.Deploy.0 = Debug|ARM
		{B136C05B-B6CA-4E69-965C-F709F1BA247D}.Debug|x64.ActiveCfg = Debug|x64
		{B136C05B-B6CA-4E69-965C-F709F1BA247D}.Debug|x64.Build.0 = Debug|x64
		{B136C05B-B6CA-4E69-965C-F709F1BA247D}.Debug|x64.Deploy.0 = Debug|x64
		{B136C05B-B6CA-4E69-965C-F709F1BA247D}.Debug|x86.ActiveCfg = Debug|x86
		{B136C05B-B6CA-4E69-965C-F709F1BA247D}.Debug|x86.Build.0 = Debug|x86
		{B136C05B-B6CA-4E69-965C-F709F1BA247D}.Debug|x86.Deploy.0 = Debug|x86
		{B136C05B-B6CA-4E69-965C-F709F1BA247D}.Release|Any CPU.ActiveCfg = Release|Any CPU
		{B136C05B-B6CA-4E69-965C-F709F1BA247D}.Release|Any CPU.Build.0 = Release|Any CPU
		{B136C05B-B6CA-4E69-965C-F709F1BA247D}.Release|Any CPU.Deploy.0 = Release|Any CPU
		{B136C05B-B6CA-4E69-965C-F709F1BA247D}.Release|ARM.ActiveCfg = Release|ARM
		{B136C05B-B6CA-4E69-965C-F709F1BA247D}.Release|ARM.Build.0 = Release|ARM
		{B136C05B-B6CA-4E69-965C-F709F1BA247D}.Release|ARM.Deploy.0 = Release|ARM
		{B136C05B-B6CA-4E69-965C-F709F1BA247D}.Release|x64.ActiveCfg = Release|x64
		{B136C05B-B6CA-4E69-965C-F709F1BA247D}.Release|x64.Build.0 = Release|x64
		{B136C05B-B6CA-4E69-965C-F709F1BA247D}.Release|x64.Deploy.0 = Release|x64
		{B136C05B-B6CA-4E69-965C-F709F1BA247D}.Release|x86.ActiveCfg = Release|x86
		{B136C05B-B6CA-4E69-965C-F709F1BA247D}.Release|x86.Build.0 = Release|x86
		{B136C05B-B6CA-4E69-965C-F709F1BA247D}.Release|x86.Deploy.0 = Release|x86
		{97D0E2B3-1C4A-48E8-AAEB-38ADE6F2DF07}.Debug|Any CPU.ActiveCfg = Debug|Any CPU
		{97D0E2B3-1C4A-48E8-AAEB-38ADE6F2DF07}.Debug|Any CPU.Build.0 = Debug|Any CPU
		{97D0E2B3-1C4A-48E8-AAEB-38ADE6F2DF07}.Debug|Any CPU.Deploy.0 = Debug|Any CPU
		{97D0E2B3-1C4A-48E8-AAEB-38ADE6F2DF07}.Debug|ARM.ActiveCfg = Debug|ARM
		{97D0E2B3-1C4A-48E8-AAEB-38ADE6F2DF07}.Debug|ARM.Build.0 = Debug|ARM
		{97D0E2B3-1C4A-48E8-AAEB-38ADE6F2DF07}.Debug|ARM.Deploy.0 = Debug|ARM
		{97D0E2B3-1C4A-48E8-AAEB-38ADE6F2DF07}.Debug|x64.ActiveCfg = Debug|x64
		{97D0E2B3-1C4A-48E8-AAEB-38ADE6F2DF07}.Debug|x64.Build.0 = Debug|x64
		{97D0E2B3-1C4A-48E8-AAEB-38ADE6F2DF07}.Debug|x64.Deploy.0 = Debug|x64
		{97D0E2B3-1C4A-48E8-AAEB-38ADE6F2DF07}.Debug|x86.ActiveCfg = Debug|x86
		{97D0E2B3-1C4A-48E8-AAEB-38ADE6F2DF07}.Debug|x86.Build.0 = Debug|x86
		{97D0E2B3-1C4A-48E8-AAEB-38ADE6F2DF07}.Debug|x86.Deploy.0 = Debug|x86
		{97D0E2B3-1C4A-48E8-AAEB-38ADE6F2DF07}.Release|Any CPU.ActiveCfg = Release|Any CPU
		{97D0E2B3-1C4A-48E8-AAEB-38ADE6F2DF07}.Release|Any CPU.Build.0 = Release|Any CPU
		{97D0E2B3-1C4A-48E8-AAEB-38ADE6F2DF07}.Release|Any CPU.Deploy.0 = Release|Any CPU
		{97D0E2B3-1C4A-48E8-AAEB-38ADE6F2DF07}.Release|ARM.ActiveCfg = Release|ARM
		{97D0E2B3-1C4A-48E8-AAEB-38ADE6F2DF07}.Release|ARM.Build.0 = Release|ARM
		{97D0E2B3-1C4A-48E8-AAEB-38ADE6F2DF07}.Release|ARM.Deploy.0 = Release|ARM
		{97D0E2B3-1C4A-48E8-AAEB-38ADE6F2DF07}.Release|x64.ActiveCfg = Release|x64
		{97D0E2B3-1C4A-48E8-AAEB-38ADE6F2DF07}.Release|x64.Build.0 = Release|x64
		{97D0E2B3-1C4A-48E8-AAEB-38ADE6F2DF07}.Release|x64.Deploy.0 = Release|x64
		{97D0E2B3-1C4A-48E8-AAEB-38ADE6F2DF07}.Release|x86.ActiveCfg = Release|x86
		{97D0E2B3-1C4A-48E8-AAEB-38ADE6F2DF07}.Release|x86.Build.0 = Release|x86
		{97D0E2B3-1C4A-48E8-AAEB-38ADE6F2DF07}.Release|x86.Deploy.0 = Release|x86
		{BDF852EE-0FE1-4EB9-814F-3CD017ADE7C8}.Debug|Any CPU.ActiveCfg = Debug|Any CPU
		{BDF852EE-0FE1-4EB9-814F-3CD017ADE7C8}.Debug|Any CPU.Build.0 = Debug|Any CPU
		{BDF852EE-0FE1-4EB9-814F-3CD017ADE7C8}.Debug|Any CPU.Deploy.0 = Debug|Any CPU
		{BDF852EE-0FE1-4EB9-814F-3CD017ADE7C8}.Debug|ARM.ActiveCfg = Debug|ARM
		{BDF852EE-0FE1-4EB9-814F-3CD017ADE7C8}.Debug|ARM.Build.0 = Debug|ARM
		{BDF852EE-0FE1-4EB9-814F-3CD017ADE7C8}.Debug|ARM.Deploy.0 = Debug|ARM
		{BDF852EE-0FE1-4EB9-814F-3CD017ADE7C8}.Debug|x64.ActiveCfg = Debug|x64
		{BDF852EE-0FE1-4EB9-814F-3CD017ADE7C8}.Debug|x64.Build.0 = Debug|x64
		{BDF852EE-0FE1-4EB9-814F-3CD017ADE7C8}.Debug|x64.Deploy.0 = Debug|x64
		{BDF852EE-0FE1-4EB9-814F-3CD017ADE7C8}.Debug|x86.ActiveCfg = Debug|x86
		{BDF852EE-0FE1-4EB9-814F-3CD017ADE7C8}.Debug|x86.Build.0 = Debug|x86
		{BDF852EE-0FE1-4EB9-814F-3CD017ADE7C8}.Debug|x86.Deploy.0 = Debug|x86
		{BDF852EE-0FE1-4EB9-814F-3CD017ADE7C8}.Release|Any CPU.ActiveCfg = Release|Any CPU
		{BDF852EE-0FE1-4EB9-814F-3CD017ADE7C8}.Release|Any CPU.Build.0 = Release|Any CPU
		{BDF852EE-0FE1-4EB9-814F-3CD017ADE7C8}.Release|Any CPU.Deploy.0 = Release|Any CPU
		{BDF852EE-0FE1-4EB9-814F-3CD017ADE7C8}.Release|ARM.ActiveCfg = Release|ARM
		{BDF852EE-0FE1-4EB9-814F-3CD017ADE7C8}.Release|ARM.Build.0 = Release|ARM
		{BDF852EE-0FE1-4EB9-814F-3CD017ADE7C8}.Release|ARM.Deploy.0 = Release|ARM
		{BDF852EE-0FE1-4EB9-814F-3CD017ADE7C8}.Release|x64.ActiveCfg = Release|x64
		{BDF852EE-0FE1-4EB9-814F-3CD017ADE7C8}.Release|x64.Build.0 = Release|x64
		{BDF852EE-0FE1-4EB9-814F-3CD017ADE7C8}.Release|x64.Deploy.0 = Release|x64
		{BDF852EE-0FE1-4EB9-814F-3CD017ADE7C8}.Release|x86.ActiveCfg = Release|x86
		{BDF852EE-0FE1-4EB9-814F-3CD017ADE7C8}.Release|x86.Build.0 = Release|x86
		{BDF852EE-0FE1-4EB9-814F-3CD017ADE7C8}.Release|x86.Deploy.0 = Release|x86
		{57EE486B-4B7F-4D97-A825-4C8A0F146B1D}.Debug|Any CPU.ActiveCfg = Debug|Any CPU
		{57EE486B-4B7F-4D97-A825-4C8A0F146B1D}.Debug|Any CPU.Build.0 = Debug|Any CPU
		{57EE486B-4B7F-4D97-A825-4C8A0F146B1D}.Debug|Any CPU.Deploy.0 = Debug|Any CPU
		{57EE486B-4B7F-4D97-A825-4C8A0F146B1D}.Debug|ARM.ActiveCfg = Debug|ARM
		{57EE486B-4B7F-4D97-A825-4C8A0F146B1D}.Debug|ARM.Build.0 = Debug|ARM
		{57EE486B-4B7F-4D97-A825-4C8A0F146B1D}.Debug|ARM.Deploy.0 = Debug|ARM
		{57EE486B-4B7F-4D97-A825-4C8A0F146B1D}.Debug|x64.ActiveCfg = Debug|x64
		{57EE486B-4B7F-4D97-A825-4C8A0F146B1D}.Debug|x64.Build.0 = Debug|x64
		{57EE486B-4B7F-4D97-A825-4C8A0F146B1D}.Debug|x64.Deploy.0 = Debug|x64
		{57EE486B-4B7F-4D97-A825-4C8A0F146B1D}.Debug|x86.ActiveCfg = Debug|x86
		{57EE486B-4B7F-4D97-A825-4C8A0F146B1D}.Debug|x86.Build.0 = Debug|x86
		{57EE486B-4B7F-4D97-A825-4C8A0F146B1D}.Debug|x86.Deploy.0 = Debug|x86
		{57EE486B-4B7F-4D97-A825-4C8A0F146B1D}.Release|Any CPU.ActiveCfg = Release|Any CPU
		{57EE486B-4B7F-4D97-A825-4C8A0F146B1D}.Release|Any CPU.Build.0 = Release|Any CPU
		{57EE486B-4B7F-4D97-A825-4C8A0F146B1D}.Release|Any CPU.Deploy.0 = Release|Any CPU
		{57EE486B-4B7F-4D97-A825-4C8A0F146B1D}.Release|ARM.ActiveCfg = Release|ARM
		{57EE486B-4B7F-4D97-A825-4C8A0F146B1D}.Release|ARM.Build.0 = Release|ARM
		{57EE486B-4B7F-4D97-A825-4C8A0F146B1D}.Release|ARM.Deploy.0 = Release|ARM
		{57EE486B-4B7F-4D97-A825-4C8A0F146B1D}.Release|x64.ActiveCfg = Release|x64
		{57EE486B-4B7F-4D97-A825-4C8A0F146B1D}.Release|x64.Build.0 = Release|x64
		{57EE486B-4B7F-4D97-A825-4C8A0F146B1D}.Release|x64.Deploy.0 = Release|x64
		{57EE486B-4B7F-4D97-A825-4C8A0F146B1D}.Release|x86.ActiveCfg = Release|x86
		{57EE486B-4B7F-4D97-A825-4C8A0F146B1D}.Release|x86.Build.0 = Release|x86
		{57EE486B-4B7F-4D97-A825-4C8A0F146B1D}.Release|x86.Deploy.0 = Release|x86
		{E2CCF6C8-5F31-4FE3-9BBC-1BDE075D646E}.Debug|Any CPU.ActiveCfg = Debug|Any CPU
		{E2CCF6C8-5F31-4FE3-9BBC-1BDE075D646E}.Debug|Any CPU.Build.0 = Debug|Any CPU
		{E2CCF6C8-5F31-4FE3-9BBC-1BDE075D646E}.Debug|Any CPU.Deploy.0 = Debug|Any CPU
		{E2CCF6C8-5F31-4FE3-9BBC-1BDE075D646E}.Debug|ARM.ActiveCfg = Debug|ARM
		{E2CCF6C8-5F31-4FE3-9BBC-1BDE075D646E}.Debug|ARM.Build.0 = Debug|ARM
		{E2CCF6C8-5F31-4FE3-9BBC-1BDE075D646E}.Debug|ARM.Deploy.0 = Debug|ARM
		{E2CCF6C8-5F31-4FE3-9BBC-1BDE075D646E}.Debug|x64.ActiveCfg = Debug|x64
		{E2CCF6C8-5F31-4FE3-9BBC-1BDE075D646E}.Debug|x64.Build.0 = Debug|x64
		{E2CCF6C8-5F31-4FE3-9BBC-1BDE075D646E}.Debug|x64.Deploy.0 = Debug|x64
		{E2CCF6C8-5F31-4FE3-9BBC-1BDE075D646E}.Debug|x86.ActiveCfg = Debug|x86
		{E2CCF6C8-5F31-4FE3-9BBC-1BDE075D646E}.Debug|x86.Build.0 = Debug|x86
		{E2CCF6C8-5F31-4FE3-9BBC-1BDE075D646E}.Debug|x86.Deploy.0 = Debug|x86
		{E2CCF6C8-5F31-4FE3-9BBC-1BDE075D646E}.Release|Any CPU.ActiveCfg = Release|Any CPU
		{E2CCF6C8-5F31-4FE3-9BBC-1BDE075D646E}.Release|Any CPU.Build.0 = Release|Any CPU
		{E2CCF6C8-5F31-4FE3-9BBC-1BDE075D646E}.Release|Any CPU.Deploy.0 = Release|Any CPU
		{E2CCF6C8-5F31-4FE3-9BBC-1BDE075D646E}.Release|ARM.ActiveCfg = Release|ARM
		{E2CCF6C8-5F31-4FE3-9BBC-1BDE075D646E}.Release|ARM.Build.0 = Release|ARM
		{E2CCF6C8-5F31-4FE3-9BBC-1BDE075D646E}.Release|ARM.Deploy.0 = Release|ARM
		{E2CCF6C8-5F31-4FE3-9BBC-1BDE075D646E}.Release|x64.ActiveCfg = Release|x64
		{E2CCF6C8-5F31-4FE3-9BBC-1BDE075D646E}.Release|x64.Build.0 = Release|x64
		{E2CCF6C8-5F31-4FE3-9BBC-1BDE075D646E}.Release|x64.Deploy.0 = Release|x64
		{E2CCF6C8-5F31-4FE3-9BBC-1BDE075D646E}.Release|x86.ActiveCfg = Release|x86
		{E2CCF6C8-5F31-4FE3-9BBC-1BDE075D646E}.Release|x86.Build.0 = Release|x86
		{E2CCF6C8-5F31-4FE3-9BBC-1BDE075D646E}.Release|x86.Deploy.0 = Release|x86
		{A1E8A2EB-E0D5-4A6A-AC6F-DEF25C440872}.Debug|Any CPU.ActiveCfg = Debug|Any CPU
		{A1E8A2EB-E0D5-4A6A-AC6F-DEF25C440872}.Debug|Any CPU.Build.0 = Debug|Any CPU
		{A1E8A2EB-E0D5-4A6A-AC6F-DEF25C440872}.Debug|Any CPU.Deploy.0 = Debug|Any CPU
		{A1E8A2EB-E0D5-4A6A-AC6F-DEF25C440872}.Debug|ARM.ActiveCfg = Debug|ARM
		{A1E8A2EB-E0D5-4A6A-AC6F-DEF25C440872}.Debug|ARM.Build.0 = Debug|ARM
		{A1E8A2EB-E0D5-4A6A-AC6F-DEF25C440872}.Debug|ARM.Deploy.0 = Debug|ARM
		{A1E8A2EB-E0D5-4A6A-AC6F-DEF25C440872}.Debug|x64.ActiveCfg = Debug|x64
		{A1E8A2EB-E0D5-4A6A-AC6F-DEF25C440872}.Debug|x64.Build.0 = Debug|x64
		{A1E8A2EB-E0D5-4A6A-AC6F-DEF25C440872}.Debug|x64.Deploy.0 = Debug|x64
		{A1E8A2EB-E0D5-4A6A-AC6F-DEF25C440872}.Debug|x86.ActiveCfg = Debug|x86
		{A1E8A2EB-E0D5-4A6A-AC6F-DEF25C440872}.Debug|x86.Build.0 = Debug|x86
		{A1E8A2EB-E0D5-4A6A-AC6F-DEF25C440872}.Debug|x86.Deploy.0 = Debug|x86
		{A1E8A2EB-E0D5-4A6A-AC6F-DEF25C440872}.Release|Any CPU.ActiveCfg = Release|Any CPU
		{A1E8A2EB-E0D5-4A6A-AC6F-DEF25C440872}.Release|Any CPU.Build.0 = Release|Any CPU
		{A1E8A2EB-E0D5-4A6A-AC6F-DEF25C440872}.Release|Any CPU.Deploy.0 = Release|Any CPU
		{A1E8A2EB-E0D5-4A6A-AC6F-DEF25C440872}.Release|ARM.ActiveCfg = Release|ARM
		{A1E8A2EB-E0D5-4A6A-AC6F-DEF25C440872}.Release|ARM.Build.0 = Release|ARM
		{A1E8A2EB-E0D5-4A6A-AC6F-DEF25C440872}.Release|ARM.Deploy.0 = Release|ARM
		{A1E8A2EB-E0D5-4A6A-AC6F-DEF25C440872}.Release|x64.ActiveCfg = Release|x64
		{A1E8A2EB-E0D5-4A6A-AC6F-DEF25C440872}.Release|x64.Build.0 = Release|x64
		{A1E8A2EB-E0D5-4A6A-AC6F-DEF25C440872}.Release|x64.Deploy.0 = Release|x64
		{A1E8A2EB-E0D5-4A6A-AC6F-DEF25C440872}.Release|x86.ActiveCfg = Release|x86
		{A1E8A2EB-E0D5-4A6A-AC6F-DEF25C440872}.Release|x86.Build.0 = Release|x86
		{A1E8A2EB-E0D5-4A6A-AC6F-DEF25C440872}.Release|x86.Deploy.0 = Release|x86
		{DFB14C26-1BD1-46CB-B7CF-4192DBF33E30}.Debug|Any CPU.ActiveCfg = Debug|Any CPU
		{DFB14C26-1BD1-46CB-B7CF-4192DBF33E30}.Debug|Any CPU.Build.0 = Debug|Any CPU
		{DFB14C26-1BD1-46CB-B7CF-4192DBF33E30}.Debug|Any CPU.Deploy.0 = Debug|Any CPU
		{DFB14C26-1BD1-46CB-B7CF-4192DBF33E30}.Debug|ARM.ActiveCfg = Debug|ARM
		{DFB14C26-1BD1-46CB-B7CF-4192DBF33E30}.Debug|ARM.Build.0 = Debug|ARM
		{DFB14C26-1BD1-46CB-B7CF-4192DBF33E30}.Debug|ARM.Deploy.0 = Debug|ARM
		{DFB14C26-1BD1-46CB-B7CF-4192DBF33E30}.Debug|x64.ActiveCfg = Debug|x64
		{DFB14C26-1BD1-46CB-B7CF-4192DBF33E30}.Debug|x64.Build.0 = Debug|x64
		{DFB14C26-1BD1-46CB-B7CF-4192DBF33E30}.Debug|x64.Deploy.0 = Debug|x64
		{DFB14C26-1BD1-46CB-B7CF-4192DBF33E30}.Debug|x86.ActiveCfg = Debug|x86
		{DFB14C26-1BD1-46CB-B7CF-4192DBF33E30}.Debug|x86.Build.0 = Debug|x86
		{DFB14C26-1BD1-46CB-B7CF-4192DBF33E30}.Debug|x86.Deploy.0 = Debug|x86
		{DFB14C26-1BD1-46CB-B7CF-4192DBF33E30}.Release|Any CPU.ActiveCfg = Release|Any CPU
		{DFB14C26-1BD1-46CB-B7CF-4192DBF33E30}.Release|Any CPU.Build.0 = Release|Any CPU
		{DFB14C26-1BD1-46CB-B7CF-4192DBF33E30}.Release|Any CPU.Deploy.0 = Release|Any CPU
		{DFB14C26-1BD1-46CB-B7CF-4192DBF33E30}.Release|ARM.ActiveCfg = Release|ARM
		{DFB14C26-1BD1-46CB-B7CF-4192DBF33E30}.Release|ARM.Build.0 = Release|ARM
		{DFB14C26-1BD1-46CB-B7CF-4192DBF33E30}.Release|ARM.Deploy.0 = Release|ARM
		{DFB14C26-1BD1-46CB-B7CF-4192DBF33E30}.Release|x64.ActiveCfg = Release|x64
		{DFB14C26-1BD1-46CB-B7CF-4192DBF33E30}.Release|x64.Build.0 = Release|x64
		{DFB14C26-1BD1-46CB-B7CF-4192DBF33E30}.Release|x64.Deploy.0 = Release|x64
		{DFB14C26-1BD1-46CB-B7CF-4192DBF33E30}.Release|x86.ActiveCfg = Release|x86
		{DFB14C26-1BD1-46CB-B7CF-4192DBF33E30}.Release|x86.Build.0 = Release|x86
		{DFB14C26-1BD1-46CB-B7CF-4192DBF33E30}.Release|x86.Deploy.0 = Release|x86
		{7129C95B-06D6-4C56-A900-A64B893C83C7}.Debug|Any CPU.ActiveCfg = Debug|Any CPU
		{7129C95B-06D6-4C56-A900-A64B893C83C7}.Debug|Any CPU.Build.0 = Debug|Any CPU
		{7129C95B-06D6-4C56-A900-A64B893C83C7}.Debug|Any CPU.Deploy.0 = Debug|Any CPU
		{7129C95B-06D6-4C56-A900-A64B893C83C7}.Debug|ARM.ActiveCfg = Debug|ARM
		{7129C95B-06D6-4C56-A900-A64B893C83C7}.Debug|ARM.Build.0 = Debug|ARM
		{7129C95B-06D6-4C56-A900-A64B893C83C7}.Debug|ARM.Deploy.0 = Debug|ARM
		{7129C95B-06D6-4C56-A900-A64B893C83C7}.Debug|x64.ActiveCfg = Debug|x64
		{7129C95B-06D6-4C56-A900-A64B893C83C7}.Debug|x64.Build.0 = Debug|x64
		{7129C95B-06D6-4C56-A900-A64B893C83C7}.Debug|x64.Deploy.0 = Debug|x64
		{7129C95B-06D6-4C56-A900-A64B893C83C7}.Debug|x86.ActiveCfg = Debug|x86
		{7129C95B-06D6-4C56-A900-A64B893C83C7}.Debug|x86.Build.0 = Debug|x86
		{7129C95B-06D6-4C56-A900-A64B893C83C7}.Debug|x86.Deploy.0 = Debug|x86
		{7129C95B-06D6-4C56-A900-A64B893C83C7}.Release|Any CPU.ActiveCfg = Release|Any CPU
		{7129C95B-06D6-4C56-A900-A64B893C83C7}.Release|Any CPU.Build.0 = Release|Any CPU
		{7129C95B-06D6-4C56-A900-A64B893C83C7}.Release|Any CPU.Deploy.0 = Release|Any CPU
		{7129C95B-06D6-4C56-A900-A64B893C83C7}.Release|ARM.ActiveCfg = Release|ARM
		{7129C95B-06D6-4C56-A900-A64B893C83C7}.Release|ARM.Build.0 = Release|ARM
		{7129C95B-06D6-4C56-A900-A64B893C83C7}.Release|ARM.Deploy.0 = Release|ARM
		{7129C95B-06D6-4C56-A900-A64B893C83C7}.Release|x64.ActiveCfg = Release|x64
		{7129C95B-06D6-4C56-A900-A64B893C83C7}.Release|x64.Build.0 = Release|x64
		{7129C95B-06D6-4C56-A900-A64B893C83C7}.Release|x64.Deploy.0 = Release|x64
		{7129C95B-06D6-4C56-A900-A64B893C83C7}.Release|x86.ActiveCfg = Release|x86
		{7129C95B-06D6-4C56-A900-A64B893C83C7}.Release|x86.Build.0 = Release|x86
		{7129C95B-06D6-4C56-A900-A64B893C83C7}.Release|x86.Deploy.0 = Release|x86
		{6D072B24-9A0B-46D3-96E4-1314FE82E37F}.Debug|Any CPU.ActiveCfg = Debug|Any CPU
		{6D072B24-9A0B-46D3-96E4-1314FE82E37F}.Debug|Any CPU.Build.0 = Debug|Any CPU
		{6D072B24-9A0B-46D3-96E4-1314FE82E37F}.Debug|Any CPU.Deploy.0 = Debug|Any CPU
		{6D072B24-9A0B-46D3-96E4-1314FE82E37F}.Debug|ARM.ActiveCfg = Debug|ARM
		{6D072B24-9A0B-46D3-96E4-1314FE82E37F}.Debug|ARM.Build.0 = Debug|ARM
		{6D072B24-9A0B-46D3-96E4-1314FE82E37F}.Debug|ARM.Deploy.0 = Debug|ARM
		{6D072B24-9A0B-46D3-96E4-1314FE82E37F}.Debug|x64.ActiveCfg = Debug|x64
		{6D072B24-9A0B-46D3-96E4-1314FE82E37F}.Debug|x64.Build.0 = Debug|x64
		{6D072B24-9A0B-46D3-96E4-1314FE82E37F}.Debug|x64.Deploy.0 = Debug|x64
		{6D072B24-9A0B-46D3-96E4-1314FE82E37F}.Debug|x86.ActiveCfg = Debug|x86
		{6D072B24-9A0B-46D3-96E4-1314FE82E37F}.Debug|x86.Build.0 = Debug|x86
		{6D072B24-9A0B-46D3-96E4-1314FE82E37F}.Debug|x86.Deploy.0 = Debug|x86
		{6D072B24-9A0B-46D3-96E4-1314FE82E37F}.Release|Any CPU.ActiveCfg = Release|Any CPU
		{6D072B24-9A0B-46D3-96E4-1314FE82E37F}.Release|Any CPU.Build.0 = Release|Any CPU
		{6D072B24-9A0B-46D3-96E4-1314FE82E37F}.Release|Any CPU.Deploy.0 = Release|Any CPU
		{6D072B24-9A0B-46D3-96E4-1314FE82E37F}.Release|ARM.ActiveCfg = Release|ARM
		{6D072B24-9A0B-46D3-96E4-1314FE82E37F}.Release|ARM.Build.0 = Release|ARM
		{6D072B24-9A0B-46D3-96E4-1314FE82E37F}.Release|ARM.Deploy.0 = Release|ARM
		{6D072B24-9A0B-46D3-96E4-1314FE82E37F}.Release|x64.ActiveCfg = Release|x64
		{6D072B24-9A0B-46D3-96E4-1314FE82E37F}.Release|x64.Build.0 = Release|x64
		{6D072B24-9A0B-46D3-96E4-1314FE82E37F}.Release|x64.Deploy.0 = Release|x64
		{6D072B24-9A0B-46D3-96E4-1314FE82E37F}.Release|x86.ActiveCfg = Release|x86
		{6D072B24-9A0B-46D3-96E4-1314FE82E37F}.Release|x86.Build.0 = Release|x86
		{6D072B24-9A0B-46D3-96E4-1314FE82E37F}.Release|x86.Deploy.0 = Release|x86
		{95A9AF6A-EAA5-4C58-8F96-F611B55581C5}.Debug|Any CPU.ActiveCfg = Debug|Any CPU
		{95A9AF6A-EAA5-4C58-8F96-F611B55581C5}.Debug|Any CPU.Build.0 = Debug|Any CPU
		{95A9AF6A-EAA5-4C58-8F96-F611B55581C5}.Debug|Any CPU.Deploy.0 = Debug|Any CPU
		{95A9AF6A-EAA5-4C58-8F96-F611B55581C5}.Debug|ARM.ActiveCfg = Debug|ARM
		{95A9AF6A-EAA5-4C58-8F96-F611B55581C5}.Debug|ARM.Build.0 = Debug|ARM
		{95A9AF6A-EAA5-4C58-8F96-F611B55581C5}.Debug|ARM.Deploy.0 = Debug|ARM
		{95A9AF6A-EAA5-4C58-8F96-F611B55581C5}.Debug|x64.ActiveCfg = Debug|x64
		{95A9AF6A-EAA5-4C58-8F96-F611B55581C5}.Debug|x64.Build.0 = Debug|x64
		{95A9AF6A-EAA5-4C58-8F96-F611B55581C5}.Debug|x64.Deploy.0 = Debug|x64
		{95A9AF6A-EAA5-4C58-8F96-F611B55581C5}.Debug|x86.ActiveCfg = Debug|x86
		{95A9AF6A-EAA5-4C58-8F96-F611B55581C5}.Debug|x86.Build.0 = Debug|x86
		{95A9AF6A-EAA5-4C58-8F96-F611B55581C5}.Debug|x86.Deploy.0 = Debug|x86
		{95A9AF6A-EAA5-4C58-8F96-F611B55581C5}.Release|Any CPU.ActiveCfg = Release|Any CPU
		{95A9AF6A-EAA5-4C58-8F96-F611B55581C5}.Release|Any CPU.Build.0 = Release|Any CPU
		{95A9AF6A-EAA5-4C58-8F96-F611B55581C5}.Release|Any CPU.Deploy.0 = Release|Any CPU
		{95A9AF6A-EAA5-4C58-8F96-F611B55581C5}.Release|ARM.ActiveCfg = Release|ARM
		{95A9AF6A-EAA5-4C58-8F96-F611B55581C5}.Release|ARM.Build.0 = Release|ARM
		{95A9AF6A-EAA5-4C58-8F96-F611B55581C5}.Release|ARM.Deploy.0 = Release|ARM
		{95A9AF6A-EAA5-4C58-8F96-F611B55581C5}.Release|x64.ActiveCfg = Release|x64
		{95A9AF6A-EAA5-4C58-8F96-F611B55581C5}.Release|x64.Build.0 = Release|x64
		{95A9AF6A-EAA5-4C58-8F96-F611B55581C5}.Release|x64.Deploy.0 = Release|x64
		{95A9AF6A-EAA5-4C58-8F96-F611B55581C5}.Release|x86.ActiveCfg = Release|x86
		{95A9AF6A-EAA5-4C58-8F96-F611B55581C5}.Release|x86.Build.0 = Release|x86
		{95A9AF6A-EAA5-4C58-8F96-F611B55581C5}.Release|x86.Deploy.0 = Release|x86
	EndGlobalSection
	GlobalSection(SolutionProperties) = preSolution
		HideSolutionNode = FALSE
	EndGlobalSection
EndGlobal
