
Microsoft Visual Studio Solution File, Format Version 12.00
# Visual Studio 2012
Project("{FAE04EC0-301F-11D3-BF4B-00C04F79EFBC}") = "Commands-CellDoubleTappedCommand", "Commands-CellDoubleTappedCommand\Commands-CellDoubleTappedCommand.csproj", "{06737403-AE97-4EA3-B827-28D3D49389E7}"
EndProject
Project("{FAE04EC0-301F-11D3-BF4B-00C04F79EFBC}") = "Commands-GenerateColumnCommand", "Commands-GenerateColumnCommand\Commands-GenerateColumnCommand.csproj", "{D38F68A2-3F3D-4959-9CDB-E094C42007C0}"
EndProject
Project("{FAE04EC0-301F-11D3-BF4B-00C04F79EFBC}") = "Columns-AddTextColumns", "Columns-AddTextColumns\Columns-AddTextColumns.csproj", "{3391A5DA-53D2-4260-A6F6-19647F5D08E8}"
EndProject
Project("{FAE04EC0-301F-11D3-BF4B-00C04F79EFBC}") = "Columns-AddTemplateColumn", "Columns-AddTemplateColumn\Columns-AddTemplateColumn.csproj", "{9A0C128E-AE8E-48FA-9ECD-41B8BCF8D599}"
EndProject
Project("{FAE04EC0-301F-11D3-BF4B-00C04F79EFBC}") = "Columns-CellContentTemplateSelector", "Columns-CellContentTemplateSelector\Columns-CellContentTemplateSelector.csproj", "{EC5F6D81-BF09-4031-837D-01A77C5331CE}"
EndProject
Project("{FAE04EC0-301F-11D3-BF4B-00C04F79EFBC}") = "Columns-CellContentStyleSelector", "Columns-CellContentStyleSelector\Columns-CellContentStyleSelector.csproj", "{57877F58-5326-4621-9B22-B3CE70651D66}"
EndProject
Project("{FAE04EC0-301F-11D3-BF4B-00C04F79EFBC}") = "Columns-ColumnHeaderStyle", "Columns-ColumnHeaderStyle\Columns-ColumnHeaderStyle.csproj", "{4F84A585-3AAC-4D6F-A48E-B6C69802882A}"
EndProject
Project("{FAE04EC0-301F-11D3-BF4B-00C04F79EFBC}") = "Grouping-PropertyGroupDescriptor", "Grouping-PropertyGroupDescriptor\Grouping-PropertyGroupDescriptor.csproj", "{603862C6-FD91-4F9D-9205-5BEF8BC57553}"
EndProject
Project("{FAE04EC0-301F-11D3-BF4B-00C04F79EFBC}") = "Grouping-DelegateGroupDescriptor", "Grouping-DelegateGroupDescriptor\Grouping-DelegateGroupDescriptor.csproj", "{D80581DD-F470-4750-A158-AB6309D2A35A}"
EndProject
Project("{FAE04EC0-301F-11D3-BF4B-00C04F79EFBC}") = "Commands-FlyoutGroupHeaderTapCommand", "Commands-FlyoutGroupHeaderTapCommand\Commands-FlyoutGroupHeaderTapCommand.csproj", "{011DF64A-4C69-4961-BC32-A9B5FF7C758A}"
EndProject
Project("{FAE04EC0-301F-11D3-BF4B-00C04F79EFBC}") = "Commands-DataBindingCompleteCommand", "Commands-DataBindingCompleteCommand\Commands-DataBindingCompleteCommand.csproj", "{BD52A09A-49E0-45D6-9AFD-0948ACF75D20}"
EndProject
Project("{FAE04EC0-301F-11D3-BF4B-00C04F79EFBC}") = "Commands-EditCommands", "Commands-EditCommands\Commands-EditCommands.csproj", "{1F197915-7E97-475F-8F41-71E360283461}"
EndProject
Project("{FAE04EC0-301F-11D3-BF4B-00C04F79EFBC}") = "Columns-TemplateColumnSortDescriptor", "Columns-TemplateColumnSortDescriptor\Columns-TemplateColumnSortDescriptor.csproj", "{4D40F6D6-F25B-41B3-A732-7186197A4BD3}"
EndProject
Project("{FAE04EC0-301F-11D3-BF4B-00C04F79EFBC}") = "Columns-TemplateColumnGroupDescriptor", "Columns-TemplateColumnGroupDescriptor\Columns-TemplateColumnGroupDescriptor.csproj", "{85615FFD-DADB-4074-866A-0AC01334F985}"
EndProject
Project("{FAE04EC0-301F-11D3-BF4B-00C04F79EFBC}") = "Filtering-HowTo-CreateCustomFilteringControl", "Filtering-HowTo-CreateCustomFilteringControl\Filtering-HowTo-CreateCustomFilteringControl.csproj", "{61A26D50-1205-4DA9-A1F4-7300EA83F87E}"
EndProject
Project("{FAE04EC0-301F-11D3-BF4B-00C04F79EFBC}") = "Aggregates-PropertyAggregateDescriptor", "Aggregates-PropertyAggregateDescriptor\Aggregates-PropertyAggregateDescriptor.csproj", "{EE47147B-1B4A-4B6D-A577-D0303A13F25D}"
EndProject
Project("{FAE04EC0-301F-11D3-BF4B-00C04F79EFBC}") = "Aggregates-DelegateAggregateDescriptor", "Aggregates-DelegateAggregateDescriptor\Aggregates-DelegateAggregateDescriptor.csproj", "{831FABB1-1EC0-4393-B3EF-9522B8934755}"
EndProject
Project("{FAE04EC0-301F-11D3-BF4B-00C04F79EFBC}") = "Commands-CellPointerOverCommand", "Commands-CellPointerOverCommand\Commands-CellPointerOverCommand.csproj", "{7DA8582D-2B41-434F-95CC-0502D1628155}"
EndProject
Project("{FAE04EC0-301F-11D3-BF4B-00C04F79EFBC}") = "Commands-ColumnHeaderTapCommand", "Commands-ColumnHeaderTapCommand\Commands-ColumnHeaderTapCommand.csproj", "{5322FC68-3EE4-4521-A79F-FA9BA16DEEF4}"
EndProject
Project("{FAE04EC0-301F-11D3-BF4B-00C04F79EFBC}") = "Decorations-GettingStarted", "Decorations-GettingStarted\Decorations-GettingStarted.csproj", "{2AF1CEE6-C356-445C-942F-B7A2DD97D95D}"
EndProject
Project("{FAE04EC0-301F-11D3-BF4B-00C04F79EFBC}") = "Filtering-UsingDelegateFilterDescriptor", "Filtering-UsingDelegateFilterDescriptor\Filtering-UsingDelegateFilterDescriptor.csproj", "{682366F3-08E2-4EEA-86A6-002D7917365E}"
EndProject
Project("{FAE04EC0-301F-11D3-BF4B-00C04F79EFBC}") = "Filtering-UsingPropertyFilterDescriptors", "Filtering-UsingPropertyFilterDescriptors\Filtering-UsingPropertyFilterDescriptors.csproj", "{394E2B97-577C-42D9-9125-B4407AE6938E}"
EndProject
Project("{FAE04EC0-301F-11D3-BF4B-00C04F79EFBC}") = "Selection-GettingStarted", "Selection-GettingStarted\Selection-GettingStarted.csproj", "{B45E7B6D-E6D9-45EE-A5D0-1AB09E673354}"
EndProject
Project("{FAE04EC0-301F-11D3-BF4B-00C04F79EFBC}") = "Sorting-UsingDelegateSortDescriptor", "Sorting-UsingDelegateSortDescriptor\Sorting-UsingDelegateSortDescriptor.csproj", "{F8C8A265-2104-4E3E-ABBB-294A42AD1068}"
EndProject
Project("{FAE04EC0-301F-11D3-BF4B-00C04F79EFBC}") = "Sorting-UsingPropertySortDescriptor", "Sorting-UsingPropertySortDescriptor\Sorting-UsingPropertySortDescriptor.csproj", "{D18298E4-C78E-428B-93FE-7D6E15226373}"
EndProject
Project("{FAE04EC0-301F-11D3-BF4B-00C04F79EFBC}") = "Styling-GroupHeader", "Styling-GroupHeader\Styling-GroupHeader.csproj", "{B13A68FD-AAEE-49B5-A6A1-FAEE97F8F1A8}"
EndProject
Project("{FAE04EC0-301F-11D3-BF4B-00C04F79EFBC}") = "Styling-ImplicitStyles", "Styling-ImplicitStyles\Styling-ImplicitStyles.csproj", "{E800FB35-499D-4FF9-9ECB-C329B991223D}"
EndProject
Project("{FAE04EC0-301F-11D3-BF4B-00C04F79EFBC}") = "HowTo-GetRowAndCellFromPhysicalPoint", "HowTo-GetRowAndCellFromPhysicalPoint\HowTo-GetRowAndCellFromPhysicalPoint.csproj", "{F3CB4730-34ED-473F-A432-74A0C1B864B4}"
EndProject
Global
	GlobalSection(SolutionConfigurationPlatforms) = preSolution
		Debug|Any CPU = Debug|Any CPU
		Debug|ARM = Debug|ARM
		Debug|x64 = Debug|x64
		Debug|x86 = Debug|x86
		Release|Any CPU = Release|Any CPU
		Release|ARM = Release|ARM
		Release|x64 = Release|x64
		Release|x86 = Release|x86
	EndGlobalSection
	GlobalSection(ProjectConfigurationPlatforms) = postSolution
		{06737403-AE97-4EA3-B827-28D3D49389E7}.Debug|Any CPU.ActiveCfg = Debug|Any CPU
		{06737403-AE97-4EA3-B827-28D3D49389E7}.Debug|Any CPU.Build.0 = Debug|Any CPU
		{06737403-AE97-4EA3-B827-28D3D49389E7}.Debug|Any CPU.Deploy.0 = Debug|Any CPU
		{06737403-AE97-4EA3-B827-28D3D49389E7}.Debug|ARM.ActiveCfg = Debug|ARM
		{06737403-AE97-4EA3-B827-28D3D49389E7}.Debug|ARM.Build.0 = Debug|ARM
		{06737403-AE97-4EA3-B827-28D3D49389E7}.Debug|ARM.Deploy.0 = Debug|ARM
		{06737403-AE97-4EA3-B827-28D3D49389E7}.Debug|x64.ActiveCfg = Debug|x64
		{06737403-AE97-4EA3-B827-28D3D49389E7}.Debug|x64.Build.0 = Debug|x64
		{06737403-AE97-4EA3-B827-28D3D49389E7}.Debug|x64.Deploy.0 = Debug|x64
		{06737403-AE97-4EA3-B827-28D3D49389E7}.Debug|x86.ActiveCfg = Debug|x86
		{06737403-AE97-4EA3-B827-28D3D49389E7}.Debug|x86.Build.0 = Debug|x86
		{06737403-AE97-4EA3-B827-28D3D49389E7}.Debug|x86.Deploy.0 = Debug|x86
		{06737403-AE97-4EA3-B827-28D3D49389E7}.Release|Any CPU.ActiveCfg = Release|Any CPU
		{06737403-AE97-4EA3-B827-28D3D49389E7}.Release|Any CPU.Build.0 = Release|Any CPU
		{06737403-AE97-4EA3-B827-28D3D49389E7}.Release|Any CPU.Deploy.0 = Release|Any CPU
		{06737403-AE97-4EA3-B827-28D3D49389E7}.Release|ARM.ActiveCfg = Release|ARM
		{06737403-AE97-4EA3-B827-28D3D49389E7}.Release|ARM.Build.0 = Release|ARM
		{06737403-AE97-4EA3-B827-28D3D49389E7}.Release|ARM.Deploy.0 = Release|ARM
		{06737403-AE97-4EA3-B827-28D3D49389E7}.Release|x64.ActiveCfg = Release|x64
		{06737403-AE97-4EA3-B827-28D3D49389E7}.Release|x64.Build.0 = Release|x64
		{06737403-AE97-4EA3-B827-28D3D49389E7}.Release|x64.Deploy.0 = Release|x64
		{06737403-AE97-4EA3-B827-28D3D49389E7}.Release|x86.ActiveCfg = Release|x86
		{06737403-AE97-4EA3-B827-28D3D49389E7}.Release|x86.Build.0 = Release|x86
		{06737403-AE97-4EA3-B827-28D3D49389E7}.Release|x86.Deploy.0 = Release|x86
		{D38F68A2-3F3D-4959-9CDB-E094C42007C0}.Debug|Any CPU.ActiveCfg = Debug|Any CPU
		{D38F68A2-3F3D-4959-9CDB-E094C42007C0}.Debug|Any CPU.Build.0 = Debug|Any CPU
		{D38F68A2-3F3D-4959-9CDB-E094C42007C0}.Debug|Any CPU.Deploy.0 = Debug|Any CPU
		{D38F68A2-3F3D-4959-9CDB-E094C42007C0}.Debug|ARM.ActiveCfg = Debug|ARM
		{D38F68A2-3F3D-4959-9CDB-E094C42007C0}.Debug|ARM.Build.0 = Debug|ARM
		{D38F68A2-3F3D-4959-9CDB-E094C42007C0}.Debug|ARM.Deploy.0 = Debug|ARM
		{D38F68A2-3F3D-4959-9CDB-E094C42007C0}.Debug|x64.ActiveCfg = Debug|x64
		{D38F68A2-3F3D-4959-9CDB-E094C42007C0}.Debug|x64.Build.0 = Debug|x64
		{D38F68A2-3F3D-4959-9CDB-E094C42007C0}.Debug|x64.Deploy.0 = Debug|x64
		{D38F68A2-3F3D-4959-9CDB-E094C42007C0}.Debug|x86.ActiveCfg = Debug|x86
		{D38F68A2-3F3D-4959-9CDB-E094C42007C0}.Debug|x86.Build.0 = Debug|x86
		{D38F68A2-3F3D-4959-9CDB-E094C42007C0}.Debug|x86.Deploy.0 = Debug|x86
		{D38F68A2-3F3D-4959-9CDB-E094C42007C0}.Release|Any CPU.ActiveCfg = Release|Any CPU
		{D38F68A2-3F3D-4959-9CDB-E094C42007C0}.Release|Any CPU.Build.0 = Release|Any CPU
		{D38F68A2-3F3D-4959-9CDB-E094C42007C0}.Release|Any CPU.Deploy.0 = Release|Any CPU
		{D38F68A2-3F3D-4959-9CDB-E094C42007C0}.Release|ARM.ActiveCfg = Release|ARM
		{D38F68A2-3F3D-4959-9CDB-E094C42007C0}.Release|ARM.Build.0 = Release|ARM
		{D38F68A2-3F3D-4959-9CDB-E094C42007C0}.Release|ARM.Deploy.0 = Release|ARM
		{D38F68A2-3F3D-4959-9CDB-E094C42007C0}.Release|x64.ActiveCfg = Release|x64
		{D38F68A2-3F3D-4959-9CDB-E094C42007C0}.Release|x64.Build.0 = Release|x64
		{D38F68A2-3F3D-4959-9CDB-E094C42007C0}.Release|x64.Deploy.0 = Release|x64
		{D38F68A2-3F3D-4959-9CDB-E094C42007C0}.Release|x86.ActiveCfg = Release|x86
		{D38F68A2-3F3D-4959-9CDB-E094C42007C0}.Release|x86.Build.0 = Release|x86
		{D38F68A2-3F3D-4959-9CDB-E094C42007C0}.Release|x86.Deploy.0 = Release|x86
		{3391A5DA-53D2-4260-A6F6-19647F5D08E8}.Debug|Any CPU.ActiveCfg = Debug|Any CPU
		{3391A5DA-53D2-4260-A6F6-19647F5D08E8}.Debug|Any CPU.Build.0 = Debug|Any CPU
		{3391A5DA-53D2-4260-A6F6-19647F5D08E8}.Debug|Any CPU.Deploy.0 = Debug|Any CPU
		{3391A5DA-53D2-4260-A6F6-19647F5D08E8}.Debug|ARM.ActiveCfg = Debug|ARM
		{3391A5DA-53D2-4260-A6F6-19647F5D08E8}.Debug|ARM.Build.0 = Debug|ARM
		{3391A5DA-53D2-4260-A6F6-19647F5D08E8}.Debug|ARM.Deploy.0 = Debug|ARM
		{3391A5DA-53D2-4260-A6F6-19647F5D08E8}.Debug|x64.ActiveCfg = Debug|x64
		{3391A5DA-53D2-4260-A6F6-19647F5D08E8}.Debug|x64.Build.0 = Debug|x64
		{3391A5DA-53D2-4260-A6F6-19647F5D08E8}.Debug|x64.Deploy.0 = Debug|x64
		{3391A5DA-53D2-4260-A6F6-19647F5D08E8}.Debug|x86.ActiveCfg = Debug|x86
		{3391A5DA-53D2-4260-A6F6-19647F5D08E8}.Debug|x86.Build.0 = Debug|x86
		{3391A5DA-53D2-4260-A6F6-19647F5D08E8}.Debug|x86.Deploy.0 = Debug|x86
		{3391A5DA-53D2-4260-A6F6-19647F5D08E8}.Release|Any CPU.ActiveCfg = Release|Any CPU
		{3391A5DA-53D2-4260-A6F6-19647F5D08E8}.Release|Any CPU.Build.0 = Release|Any CPU
		{3391A5DA-53D2-4260-A6F6-19647F5D08E8}.Release|Any CPU.Deploy.0 = Release|Any CPU
		{3391A5DA-53D2-4260-A6F6-19647F5D08E8}.Release|ARM.ActiveCfg = Release|ARM
		{3391A5DA-53D2-4260-A6F6-19647F5D08E8}.Release|ARM.Build.0 = Release|ARM
		{3391A5DA-53D2-4260-A6F6-19647F5D08E8}.Release|ARM.Deploy.0 = Release|ARM
		{3391A5DA-53D2-4260-A6F6-19647F5D08E8}.Release|x64.ActiveCfg = Release|x64
		{3391A5DA-53D2-4260-A6F6-19647F5D08E8}.Release|x64.Build.0 = Release|x64
		{3391A5DA-53D2-4260-A6F6-19647F5D08E8}.Release|x64.Deploy.0 = Release|x64
		{3391A5DA-53D2-4260-A6F6-19647F5D08E8}.Release|x86.ActiveCfg = Release|x86
		{3391A5DA-53D2-4260-A6F6-19647F5D08E8}.Release|x86.Build.0 = Release|x86
		{3391A5DA-53D2-4260-A6F6-19647F5D08E8}.Release|x86.Deploy.0 = Release|x86
		{9A0C128E-AE8E-48FA-9ECD-41B8BCF8D599}.Debug|Any CPU.ActiveCfg = Debug|Any CPU
		{9A0C128E-AE8E-48FA-9ECD-41B8BCF8D599}.Debug|Any CPU.Build.0 = Debug|Any CPU
		{9A0C128E-AE8E-48FA-9ECD-41B8BCF8D599}.Debug|Any CPU.Deploy.0 = Debug|Any CPU
		{9A0C128E-AE8E-48FA-9ECD-41B8BCF8D599}.Debug|ARM.ActiveCfg = Debug|ARM
		{9A0C128E-AE8E-48FA-9ECD-41B8BCF8D599}.Debug|ARM.Build.0 = Debug|ARM
		{9A0C128E-AE8E-48FA-9ECD-41B8BCF8D599}.Debug|ARM.Deploy.0 = Debug|ARM
		{9A0C128E-AE8E-48FA-9ECD-41B8BCF8D599}.Debug|x64.ActiveCfg = Debug|x64
		{9A0C128E-AE8E-48FA-9ECD-41B8BCF8D599}.Debug|x64.Build.0 = Debug|x64
		{9A0C128E-AE8E-48FA-9ECD-41B8BCF8D599}.Debug|x64.Deploy.0 = Debug|x64
		{9A0C128E-AE8E-48FA-9ECD-41B8BCF8D599}.Debug|x86.ActiveCfg = Debug|x86
		{9A0C128E-AE8E-48FA-9ECD-41B8BCF8D599}.Debug|x86.Build.0 = Debug|x86
		{9A0C128E-AE8E-48FA-9ECD-41B8BCF8D599}.Debug|x86.Deploy.0 = Debug|x86
		{9A0C128E-AE8E-48FA-9ECD-41B8BCF8D599}.Release|Any CPU.ActiveCfg = Release|Any CPU
		{9A0C128E-AE8E-48FA-9ECD-41B8BCF8D599}.Release|Any CPU.Build.0 = Release|Any CPU
		{9A0C128E-AE8E-48FA-9ECD-41B8BCF8D599}.Release|Any CPU.Deploy.0 = Release|Any CPU
		{9A0C128E-AE8E-48FA-9ECD-41B8BCF8D599}.Release|ARM.ActiveCfg = Release|ARM
		{9A0C128E-AE8E-48FA-9ECD-41B8BCF8D599}.Release|ARM.Build.0 = Release|ARM
		{9A0C128E-AE8E-48FA-9ECD-41B8BCF8D599}.Release|ARM.Deploy.0 = Release|ARM
		{9A0C128E-AE8E-48FA-9ECD-41B8BCF8D599}.Release|x64.ActiveCfg = Release|x64
		{9A0C128E-AE8E-48FA-9ECD-41B8BCF8D599}.Release|x64.Build.0 = Release|x64
		{9A0C128E-AE8E-48FA-9ECD-41B8BCF8D599}.Release|x64.Deploy.0 = Release|x64
		{9A0C128E-AE8E-48FA-9ECD-41B8BCF8D599}.Release|x86.ActiveCfg = Release|x86
		{9A0C128E-AE8E-48FA-9ECD-41B8BCF8D599}.Release|x86.Build.0 = Release|x86
		{9A0C128E-AE8E-48FA-9ECD-41B8BCF8D599}.Release|x86.Deploy.0 = Release|x86
		{EC5F6D81-BF09-4031-837D-01A77C5331CE}.Debug|Any CPU.ActiveCfg = Debug|Any CPU
		{EC5F6D81-BF09-4031-837D-01A77C5331CE}.Debug|Any CPU.Build.0 = Debug|Any CPU
		{EC5F6D81-BF09-4031-837D-01A77C5331CE}.Debug|Any CPU.Deploy.0 = Debug|Any CPU
		{EC5F6D81-BF09-4031-837D-01A77C5331CE}.Debug|ARM.ActiveCfg = Debug|ARM
		{EC5F6D81-BF09-4031-837D-01A77C5331CE}.Debug|ARM.Build.0 = Debug|ARM
		{EC5F6D81-BF09-4031-837D-01A77C5331CE}.Debug|ARM.Deploy.0 = Debug|ARM
		{EC5F6D81-BF09-4031-837D-01A77C5331CE}.Debug|x64.ActiveCfg = Debug|x64
		{EC5F6D81-BF09-4031-837D-01A77C5331CE}.Debug|x64.Build.0 = Debug|x64
		{EC5F6D81-BF09-4031-837D-01A77C5331CE}.Debug|x64.Deploy.0 = Debug|x64
		{EC5F6D81-BF09-4031-837D-01A77C5331CE}.Debug|x86.ActiveCfg = Debug|x86
		{EC5F6D81-BF09-4031-837D-01A77C5331CE}.Debug|x86.Build.0 = Debug|x86
		{EC5F6D81-BF09-4031-837D-01A77C5331CE}.Debug|x86.Deploy.0 = Debug|x86
		{EC5F6D81-BF09-4031-837D-01A77C5331CE}.Release|Any CPU.ActiveCfg = Release|Any CPU
		{EC5F6D81-BF09-4031-837D-01A77C5331CE}.Release|Any CPU.Build.0 = Release|Any CPU
		{EC5F6D81-BF09-4031-837D-01A77C5331CE}.Release|Any CPU.Deploy.0 = Release|Any CPU
		{EC5F6D81-BF09-4031-837D-01A77C5331CE}.Release|ARM.ActiveCfg = Release|ARM
		{EC5F6D81-BF09-4031-837D-01A77C5331CE}.Release|ARM.Build.0 = Release|ARM
		{EC5F6D81-BF09-4031-837D-01A77C5331CE}.Release|ARM.Deploy.0 = Release|ARM
		{EC5F6D81-BF09-4031-837D-01A77C5331CE}.Release|x64.ActiveCfg = Release|x64
		{EC5F6D81-BF09-4031-837D-01A77C5331CE}.Release|x64.Build.0 = Release|x64
		{EC5F6D81-BF09-4031-837D-01A77C5331CE}.Release|x64.Deploy.0 = Release|x64
		{EC5F6D81-BF09-4031-837D-01A77C5331CE}.Release|x86.ActiveCfg = Release|x86
		{EC5F6D81-BF09-4031-837D-01A77C5331CE}.Release|x86.Build.0 = Release|x86
		{EC5F6D81-BF09-4031-837D-01A77C5331CE}.Release|x86.Deploy.0 = Release|x86
		{57877F58-5326-4621-9B22-B3CE70651D66}.Debug|Any CPU.ActiveCfg = Debug|Any CPU
		{57877F58-5326-4621-9B22-B3CE70651D66}.Debug|Any CPU.Build.0 = Debug|Any CPU
		{57877F58-5326-4621-9B22-B3CE70651D66}.Debug|Any CPU.Deploy.0 = Debug|Any CPU
		{57877F58-5326-4621-9B22-B3CE70651D66}.Debug|ARM.ActiveCfg = Debug|ARM
		{57877F58-5326-4621-9B22-B3CE70651D66}.Debug|ARM.Build.0 = Debug|ARM
		{57877F58-5326-4621-9B22-B3CE70651D66}.Debug|ARM.Deploy.0 = Debug|ARM
		{57877F58-5326-4621-9B22-B3CE70651D66}.Debug|x64.ActiveCfg = Debug|x64
		{57877F58-5326-4621-9B22-B3CE70651D66}.Debug|x64.Build.0 = Debug|x64
		{57877F58-5326-4621-9B22-B3CE70651D66}.Debug|x64.Deploy.0 = Debug|x64
		{57877F58-5326-4621-9B22-B3CE70651D66}.Debug|x86.ActiveCfg = Debug|x86
		{57877F58-5326-4621-9B22-B3CE70651D66}.Debug|x86.Build.0 = Debug|x86
		{57877F58-5326-4621-9B22-B3CE70651D66}.Debug|x86.Deploy.0 = Debug|x86
		{57877F58-5326-4621-9B22-B3CE70651D66}.Release|Any CPU.ActiveCfg = Release|Any CPU
		{57877F58-5326-4621-9B22-B3CE70651D66}.Release|Any CPU.Build.0 = Release|Any CPU
		{57877F58-5326-4621-9B22-B3CE70651D66}.Release|Any CPU.Deploy.0 = Release|Any CPU
		{57877F58-5326-4621-9B22-B3CE70651D66}.Release|ARM.ActiveCfg = Release|ARM
		{57877F58-5326-4621-9B22-B3CE70651D66}.Release|ARM.Build.0 = Release|ARM
		{57877F58-5326-4621-9B22-B3CE70651D66}.Release|ARM.Deploy.0 = Release|ARM
		{57877F58-5326-4621-9B22-B3CE70651D66}.Release|x64.ActiveCfg = Release|x64
		{57877F58-5326-4621-9B22-B3CE70651D66}.Release|x64.Build.0 = Release|x64
		{57877F58-5326-4621-9B22-B3CE70651D66}.Release|x64.Deploy.0 = Release|x64
		{57877F58-5326-4621-9B22-B3CE70651D66}.Release|x86.ActiveCfg = Release|x86
		{57877F58-5326-4621-9B22-B3CE70651D66}.Release|x86.Build.0 = Release|x86
		{57877F58-5326-4621-9B22-B3CE70651D66}.Release|x86.Deploy.0 = Release|x86
		{4F84A585-3AAC-4D6F-A48E-B6C69802882A}.Debug|Any CPU.ActiveCfg = Debug|Any CPU
		{4F84A585-3AAC-4D6F-A48E-B6C69802882A}.Debug|Any CPU.Build.0 = Debug|Any CPU
		{4F84A585-3AAC-4D6F-A48E-B6C69802882A}.Debug|Any CPU.Deploy.0 = Debug|Any CPU
		{4F84A585-3AAC-4D6F-A48E-B6C69802882A}.Debug|ARM.ActiveCfg = Debug|ARM
		{4F84A585-3AAC-4D6F-A48E-B6C69802882A}.Debug|ARM.Build.0 = Debug|ARM
		{4F84A585-3AAC-4D6F-A48E-B6C69802882A}.Debug|ARM.Deploy.0 = Debug|ARM
		{4F84A585-3AAC-4D6F-A48E-B6C69802882A}.Debug|x64.ActiveCfg = Debug|x64
		{4F84A585-3AAC-4D6F-A48E-B6C69802882A}.Debug|x64.Build.0 = Debug|x64
		{4F84A585-3AAC-4D6F-A48E-B6C69802882A}.Debug|x64.Deploy.0 = Debug|x64
		{4F84A585-3AAC-4D6F-A48E-B6C69802882A}.Debug|x86.ActiveCfg = Debug|x86
		{4F84A585-3AAC-4D6F-A48E-B6C69802882A}.Debug|x86.Build.0 = Debug|x86
		{4F84A585-3AAC-4D6F-A48E-B6C69802882A}.Debug|x86.Deploy.0 = Debug|x86
		{4F84A585-3AAC-4D6F-A48E-B6C69802882A}.Release|Any CPU.ActiveCfg = Release|Any CPU
		{4F84A585-3AAC-4D6F-A48E-B6C69802882A}.Release|Any CPU.Build.0 = Release|Any CPU
		{4F84A585-3AAC-4D6F-A48E-B6C69802882A}.Release|Any CPU.Deploy.0 = Release|Any CPU
		{4F84A585-3AAC-4D6F-A48E-B6C69802882A}.Release|ARM.ActiveCfg = Release|ARM
		{4F84A585-3AAC-4D6F-A48E-B6C69802882A}.Release|ARM.Build.0 = Release|ARM
		{4F84A585-3AAC-4D6F-A48E-B6C69802882A}.Release|ARM.Deploy.0 = Release|ARM
		{4F84A585-3AAC-4D6F-A48E-B6C69802882A}.Release|x64.ActiveCfg = Release|x64
		{4F84A585-3AAC-4D6F-A48E-B6C69802882A}.Release|x64.Build.0 = Release|x64
		{4F84A585-3AAC-4D6F-A48E-B6C69802882A}.Release|x64.Deploy.0 = Release|x64
		{4F84A585-3AAC-4D6F-A48E-B6C69802882A}.Release|x86.ActiveCfg = Release|x86
		{4F84A585-3AAC-4D6F-A48E-B6C69802882A}.Release|x86.Build.0 = Release|x86
		{4F84A585-3AAC-4D6F-A48E-B6C69802882A}.Release|x86.Deploy.0 = Release|x86
		{603862C6-FD91-4F9D-9205-5BEF8BC57553}.Debug|Any CPU.ActiveCfg = Debug|Any CPU
		{603862C6-FD91-4F9D-9205-5BEF8BC57553}.Debug|Any CPU.Build.0 = Debug|Any CPU
		{603862C6-FD91-4F9D-9205-5BEF8BC57553}.Debug|Any CPU.Deploy.0 = Debug|Any CPU
		{603862C6-FD91-4F9D-9205-5BEF8BC57553}.Debug|ARM.ActiveCfg = Debug|ARM
		{603862C6-FD91-4F9D-9205-5BEF8BC57553}.Debug|ARM.Build.0 = Debug|ARM
		{603862C6-FD91-4F9D-9205-5BEF8BC57553}.Debug|ARM.Deploy.0 = Debug|ARM
		{603862C6-FD91-4F9D-9205-5BEF8BC57553}.Debug|x64.ActiveCfg = Debug|x64
		{603862C6-FD91-4F9D-9205-5BEF8BC57553}.Debug|x64.Build.0 = Debug|x64
		{603862C6-FD91-4F9D-9205-5BEF8BC57553}.Debug|x64.Deploy.0 = Debug|x64
		{603862C6-FD91-4F9D-9205-5BEF8BC57553}.Debug|x86.ActiveCfg = Debug|x86
		{603862C6-FD91-4F9D-9205-5BEF8BC57553}.Debug|x86.Build.0 = Debug|x86
		{603862C6-FD91-4F9D-9205-5BEF8BC57553}.Debug|x86.Deploy.0 = Debug|x86
		{603862C6-FD91-4F9D-9205-5BEF8BC57553}.Release|Any CPU.ActiveCfg = Release|Any CPU
		{603862C6-FD91-4F9D-9205-5BEF8BC57553}.Release|Any CPU.Build.0 = Release|Any CPU
		{603862C6-FD91-4F9D-9205-5BEF8BC57553}.Release|Any CPU.Deploy.0 = Release|Any CPU
		{603862C6-FD91-4F9D-9205-5BEF8BC57553}.Release|ARM.ActiveCfg = Release|ARM
		{603862C6-FD91-4F9D-9205-5BEF8BC57553}.Release|ARM.Build.0 = Release|ARM
		{603862C6-FD91-4F9D-9205-5BEF8BC57553}.Release|ARM.Deploy.0 = Release|ARM
		{603862C6-FD91-4F9D-9205-5BEF8BC57553}.Release|x64.ActiveCfg = Release|x64
		{603862C6-FD91-4F9D-9205-5BEF8BC57553}.Release|x64.Build.0 = Release|x64
		{603862C6-FD91-4F9D-9205-5BEF8BC57553}.Release|x64.Deploy.0 = Release|x64
		{603862C6-FD91-4F9D-9205-5BEF8BC57553}.Release|x86.ActiveCfg = Release|x86
		{603862C6-FD91-4F9D-9205-5BEF8BC57553}.Release|x86.Build.0 = Release|x86
		{603862C6-FD91-4F9D-9205-5BEF8BC57553}.Release|x86.Deploy.0 = Release|x86
		{D80581DD-F470-4750-A158-AB6309D2A35A}.Debug|Any CPU.ActiveCfg = Debug|Any CPU
		{D80581DD-F470-4750-A158-AB6309D2A35A}.Debug|Any CPU.Build.0 = Debug|Any CPU
		{D80581DD-F470-4750-A158-AB6309D2A35A}.Debug|Any CPU.Deploy.0 = Debug|Any CPU
		{D80581DD-F470-4750-A158-AB6309D2A35A}.Debug|ARM.ActiveCfg = Debug|ARM
		{D80581DD-F470-4750-A158-AB6309D2A35A}.Debug|ARM.Build.0 = Debug|ARM
		{D80581DD-F470-4750-A158-AB6309D2A35A}.Debug|ARM.Deploy.0 = Debug|ARM
		{D80581DD-F470-4750-A158-AB6309D2A35A}.Debug|x64.ActiveCfg = Debug|x64
		{D80581DD-F470-4750-A158-AB6309D2A35A}.Debug|x64.Build.0 = Debug|x64
		{D80581DD-F470-4750-A158-AB6309D2A35A}.Debug|x64.Deploy.0 = Debug|x64
		{D80581DD-F470-4750-A158-AB6309D2A35A}.Debug|x86.ActiveCfg = Debug|x86
		{D80581DD-F470-4750-A158-AB6309D2A35A}.Debug|x86.Build.0 = Debug|x86
		{D80581DD-F470-4750-A158-AB6309D2A35A}.Debug|x86.Deploy.0 = Debug|x86
		{D80581DD-F470-4750-A158-AB6309D2A35A}.Release|Any CPU.ActiveCfg = Release|Any CPU
		{D80581DD-F470-4750-A158-AB6309D2A35A}.Release|Any CPU.Build.0 = Release|Any CPU
		{D80581DD-F470-4750-A158-AB6309D2A35A}.Release|Any CPU.Deploy.0 = Release|Any CPU
		{D80581DD-F470-4750-A158-AB6309D2A35A}.Release|ARM.ActiveCfg = Release|ARM
		{D80581DD-F470-4750-A158-AB6309D2A35A}.Release|ARM.Build.0 = Release|ARM
		{D80581DD-F470-4750-A158-AB6309D2A35A}.Release|ARM.Deploy.0 = Release|ARM
		{D80581DD-F470-4750-A158-AB6309D2A35A}.Release|x64.ActiveCfg = Release|x64
		{D80581DD-F470-4750-A158-AB6309D2A35A}.Release|x64.Build.0 = Release|x64
		{D80581DD-F470-4750-A158-AB6309D2A35A}.Release|x64.Deploy.0 = Release|x64
		{D80581DD-F470-4750-A158-AB6309D2A35A}.Release|x86.ActiveCfg = Release|x86
		{D80581DD-F470-4750-A158-AB6309D2A35A}.Release|x86.Build.0 = Release|x86
		{D80581DD-F470-4750-A158-AB6309D2A35A}.Release|x86.Deploy.0 = Release|x86
		{011DF64A-4C69-4961-BC32-A9B5FF7C758A}.Debug|Any CPU.ActiveCfg = Debug|Any CPU
		{011DF64A-4C69-4961-BC32-A9B5FF7C758A}.Debug|Any CPU.Build.0 = Debug|Any CPU
		{011DF64A-4C69-4961-BC32-A9B5FF7C758A}.Debug|Any CPU.Deploy.0 = Debug|Any CPU
		{011DF64A-4C69-4961-BC32-A9B5FF7C758A}.Debug|ARM.ActiveCfg = Debug|ARM
		{011DF64A-4C69-4961-BC32-A9B5FF7C758A}.Debug|ARM.Build.0 = Debug|ARM
		{011DF64A-4C69-4961-BC32-A9B5FF7C758A}.Debug|ARM.Deploy.0 = Debug|ARM
		{011DF64A-4C69-4961-BC32-A9B5FF7C758A}.Debug|x64.ActiveCfg = Debug|x64
		{011DF64A-4C69-4961-BC32-A9B5FF7C758A}.Debug|x64.Build.0 = Debug|x64
		{011DF64A-4C69-4961-BC32-A9B5FF7C758A}.Debug|x64.Deploy.0 = Debug|x64
		{011DF64A-4C69-4961-BC32-A9B5FF7C758A}.Debug|x86.ActiveCfg = Debug|x86
		{011DF64A-4C69-4961-BC32-A9B5FF7C758A}.Debug|x86.Build.0 = Debug|x86
		{011DF64A-4C69-4961-BC32-A9B5FF7C758A}.Debug|x86.Deploy.0 = Debug|x86
		{011DF64A-4C69-4961-BC32-A9B5FF7C758A}.Release|Any CPU.ActiveCfg = Release|Any CPU
		{011DF64A-4C69-4961-BC32-A9B5FF7C758A}.Release|Any CPU.Build.0 = Release|Any CPU
		{011DF64A-4C69-4961-BC32-A9B5FF7C758A}.Release|Any CPU.Deploy.0 = Release|Any CPU
		{011DF64A-4C69-4961-BC32-A9B5FF7C758A}.Release|ARM.ActiveCfg = Release|ARM
		{011DF64A-4C69-4961-BC32-A9B5FF7C758A}.Release|ARM.Build.0 = Release|ARM
		{011DF64A-4C69-4961-BC32-A9B5FF7C758A}.Release|ARM.Deploy.0 = Release|ARM
		{011DF64A-4C69-4961-BC32-A9B5FF7C758A}.Release|x64.ActiveCfg = Release|x64
		{011DF64A-4C69-4961-BC32-A9B5FF7C758A}.Release|x64.Build.0 = Release|x64
		{011DF64A-4C69-4961-BC32-A9B5FF7C758A}.Release|x64.Deploy.0 = Release|x64
		{011DF64A-4C69-4961-BC32-A9B5FF7C758A}.Release|x86.ActiveCfg = Release|x86
		{011DF64A-4C69-4961-BC32-A9B5FF7C758A}.Release|x86.Build.0 = Release|x86
		{011DF64A-4C69-4961-BC32-A9B5FF7C758A}.Release|x86.Deploy.0 = Release|x86
		{BD52A09A-49E0-45D6-9AFD-0948ACF75D20}.Debug|Any CPU.ActiveCfg = Debug|Any CPU
		{BD52A09A-49E0-45D6-9AFD-0948ACF75D20}.Debug|Any CPU.Build.0 = Debug|Any CPU
		{BD52A09A-49E0-45D6-9AFD-0948ACF75D20}.Debug|Any CPU.Deploy.0 = Debug|Any CPU
		{BD52A09A-49E0-45D6-9AFD-0948ACF75D20}.Debug|ARM.ActiveCfg = Debug|ARM
		{BD52A09A-49E0-45D6-9AFD-0948ACF75D20}.Debug|ARM.Build.0 = Debug|ARM
		{BD52A09A-49E0-45D6-9AFD-0948ACF75D20}.Debug|ARM.Deploy.0 = Debug|ARM
		{BD52A09A-49E0-45D6-9AFD-0948ACF75D20}.Debug|x64.ActiveCfg = Debug|x64
		{BD52A09A-49E0-45D6-9AFD-0948ACF75D20}.Debug|x64.Build.0 = Debug|x64
		{BD52A09A-49E0-45D6-9AFD-0948ACF75D20}.Debug|x64.Deploy.0 = Debug|x64
		{BD52A09A-49E0-45D6-9AFD-0948ACF75D20}.Debug|x86.ActiveCfg = Debug|x86
		{BD52A09A-49E0-45D6-9AFD-0948ACF75D20}.Debug|x86.Build.0 = Debug|x86
		{BD52A09A-49E0-45D6-9AFD-0948ACF75D20}.Debug|x86.Deploy.0 = Debug|x86
		{BD52A09A-49E0-45D6-9AFD-0948ACF75D20}.Release|Any CPU.ActiveCfg = Release|Any CPU
		{BD52A09A-49E0-45D6-9AFD-0948ACF75D20}.Release|Any CPU.Build.0 = Release|Any CPU
		{BD52A09A-49E0-45D6-9AFD-0948ACF75D20}.Release|Any CPU.Deploy.0 = Release|Any CPU
		{BD52A09A-49E0-45D6-9AFD-0948ACF75D20}.Release|ARM.ActiveCfg = Release|ARM
		{BD52A09A-49E0-45D6-9AFD-0948ACF75D20}.Release|ARM.Build.0 = Release|ARM
		{BD52A09A-49E0-45D6-9AFD-0948ACF75D20}.Release|ARM.Deploy.0 = Release|ARM
		{BD52A09A-49E0-45D6-9AFD-0948ACF75D20}.Release|x64.ActiveCfg = Release|x64
		{BD52A09A-49E0-45D6-9AFD-0948ACF75D20}.Release|x64.Build.0 = Release|x64
		{BD52A09A-49E0-45D6-9AFD-0948ACF75D20}.Release|x64.Deploy.0 = Release|x64
		{BD52A09A-49E0-45D6-9AFD-0948ACF75D20}.Release|x86.ActiveCfg = Release|x86
		{BD52A09A-49E0-45D6-9AFD-0948ACF75D20}.Release|x86.Build.0 = Release|x86
		{BD52A09A-49E0-45D6-9AFD-0948ACF75D20}.Release|x86.Deploy.0 = Release|x86
		{1F197915-7E97-475F-8F41-71E360283461}.Debug|Any CPU.ActiveCfg = Debug|Any CPU
		{1F197915-7E97-475F-8F41-71E360283461}.Debug|Any CPU.Build.0 = Debug|Any CPU
		{1F197915-7E97-475F-8F41-71E360283461}.Debug|Any CPU.Deploy.0 = Debug|Any CPU
		{1F197915-7E97-475F-8F41-71E360283461}.Debug|ARM.ActiveCfg = Debug|ARM
		{1F197915-7E97-475F-8F41-71E360283461}.Debug|ARM.Build.0 = Debug|ARM
		{1F197915-7E97-475F-8F41-71E360283461}.Debug|ARM.Deploy.0 = Debug|ARM
		{1F197915-7E97-475F-8F41-71E360283461}.Debug|x64.ActiveCfg = Debug|x64
		{1F197915-7E97-475F-8F41-71E360283461}.Debug|x64.Build.0 = Debug|x64
		{1F197915-7E97-475F-8F41-71E360283461}.Debug|x64.Deploy.0 = Debug|x64
		{1F197915-7E97-475F-8F41-71E360283461}.Debug|x86.ActiveCfg = Debug|x86
		{1F197915-7E97-475F-8F41-71E360283461}.Debug|x86.Build.0 = Debug|x86
		{1F197915-7E97-475F-8F41-71E360283461}.Debug|x86.Deploy.0 = Debug|x86
		{1F197915-7E97-475F-8F41-71E360283461}.Release|Any CPU.ActiveCfg = Release|Any CPU
		{1F197915-7E97-475F-8F41-71E360283461}.Release|Any CPU.Build.0 = Release|Any CPU
		{1F197915-7E97-475F-8F41-71E360283461}.Release|Any CPU.Deploy.0 = Release|Any CPU
		{1F197915-7E97-475F-8F41-71E360283461}.Release|ARM.ActiveCfg = Release|ARM
		{1F197915-7E97-475F-8F41-71E360283461}.Release|ARM.Build.0 = Release|ARM
		{1F197915-7E97-475F-8F41-71E360283461}.Release|ARM.Deploy.0 = Release|ARM
		{1F197915-7E97-475F-8F41-71E360283461}.Release|x64.ActiveCfg = Release|x64
		{1F197915-7E97-475F-8F41-71E360283461}.Release|x64.Build.0 = Release|x64
		{1F197915-7E97-475F-8F41-71E360283461}.Release|x64.Deploy.0 = Release|x64
		{1F197915-7E97-475F-8F41-71E360283461}.Release|x86.ActiveCfg = Release|x86
		{1F197915-7E97-475F-8F41-71E360283461}.Release|x86.Build.0 = Release|x86
		{1F197915-7E97-475F-8F41-71E360283461}.Release|x86.Deploy.0 = Release|x86
		{4D40F6D6-F25B-41B3-A732-7186197A4BD3}.Debug|Any CPU.ActiveCfg = Debug|Any CPU
		{4D40F6D6-F25B-41B3-A732-7186197A4BD3}.Debug|Any CPU.Build.0 = Debug|Any CPU
		{4D40F6D6-F25B-41B3-A732-7186197A4BD3}.Debug|Any CPU.Deploy.0 = Debug|Any CPU
		{4D40F6D6-F25B-41B3-A732-7186197A4BD3}.Debug|ARM.ActiveCfg = Debug|ARM
		{4D40F6D6-F25B-41B3-A732-7186197A4BD3}.Debug|ARM.Build.0 = Debug|ARM
		{4D40F6D6-F25B-41B3-A732-7186197A4BD3}.Debug|ARM.Deploy.0 = Debug|ARM
		{4D40F6D6-F25B-41B3-A732-7186197A4BD3}.Debug|x64.ActiveCfg = Debug|x64
		{4D40F6D6-F25B-41B3-A732-7186197A4BD3}.Debug|x64.Build.0 = Debug|x64
		{4D40F6D6-F25B-41B3-A732-7186197A4BD3}.Debug|x64.Deploy.0 = Debug|x64
		{4D40F6D6-F25B-41B3-A732-7186197A4BD3}.Debug|x86.ActiveCfg = Debug|x86
		{4D40F6D6-F25B-41B3-A732-7186197A4BD3}.Debug|x86.Build.0 = Debug|x86
		{4D40F6D6-F25B-41B3-A732-7186197A4BD3}.Debug|x86.Deploy.0 = Debug|x86
		{4D40F6D6-F25B-41B3-A732-7186197A4BD3}.Release|Any CPU.ActiveCfg = Release|Any CPU
		{4D40F6D6-F25B-41B3-A732-7186197A4BD3}.Release|Any CPU.Build.0 = Release|Any CPU
		{4D40F6D6-F25B-41B3-A732-7186197A4BD3}.Release|Any CPU.Deploy.0 = Release|Any CPU
		{4D40F6D6-F25B-41B3-A732-7186197A4BD3}.Release|ARM.ActiveCfg = Release|ARM
		{4D40F6D6-F25B-41B3-A732-7186197A4BD3}.Release|ARM.Build.0 = Release|ARM
		{4D40F6D6-F25B-41B3-A732-7186197A4BD3}.Release|ARM.Deploy.0 = Release|ARM
		{4D40F6D6-F25B-41B3-A732-7186197A4BD3}.Release|x64.ActiveCfg = Release|x64
		{4D40F6D6-F25B-41B3-A732-7186197A4BD3}.Release|x64.Build.0 = Release|x64
		{4D40F6D6-F25B-41B3-A732-7186197A4BD3}.Release|x64.Deploy.0 = Release|x64
		{4D40F6D6-F25B-41B3-A732-7186197A4BD3}.Release|x86.ActiveCfg = Release|x86
		{4D40F6D6-F25B-41B3-A732-7186197A4BD3}.Release|x86.Build.0 = Release|x86
		{4D40F6D6-F25B-41B3-A732-7186197A4BD3}.Release|x86.Deploy.0 = Release|x86
		{85615FFD-DADB-4074-866A-0AC01334F985}.Debug|Any CPU.ActiveCfg = Debug|Any CPU
		{85615FFD-DADB-4074-866A-0AC01334F985}.Debug|Any CPU.Build.0 = Debug|Any CPU
		{85615FFD-DADB-4074-866A-0AC01334F985}.Debug|Any CPU.Deploy.0 = Debug|Any CPU
		{85615FFD-DADB-4074-866A-0AC01334F985}.Debug|ARM.ActiveCfg = Debug|ARM
		{85615FFD-DADB-4074-866A-0AC01334F985}.Debug|ARM.Build.0 = Debug|ARM
		{85615FFD-DADB-4074-866A-0AC01334F985}.Debug|ARM.Deploy.0 = Debug|ARM
		{85615FFD-DADB-4074-866A-0AC01334F985}.Debug|x64.ActiveCfg = Debug|x64
		{85615FFD-DADB-4074-866A-0AC01334F985}.Debug|x64.Build.0 = Debug|x64
		{85615FFD-DADB-4074-866A-0AC01334F985}.Debug|x64.Deploy.0 = Debug|x64
		{85615FFD-DADB-4074-866A-0AC01334F985}.Debug|x86.ActiveCfg = Debug|x86
		{85615FFD-DADB-4074-866A-0AC01334F985}.Debug|x86.Build.0 = Debug|x86
		{85615FFD-DADB-4074-866A-0AC01334F985}.Debug|x86.Deploy.0 = Debug|x86
		{85615FFD-DADB-4074-866A-0AC01334F985}.Release|Any CPU.ActiveCfg = Release|Any CPU
		{85615FFD-DADB-4074-866A-0AC01334F985}.Release|Any CPU.Build.0 = Release|Any CPU
		{85615FFD-DADB-4074-866A-0AC01334F985}.Release|Any CPU.Deploy.0 = Release|Any CPU
		{85615FFD-DADB-4074-866A-0AC01334F985}.Release|ARM.ActiveCfg = Release|ARM
		{85615FFD-DADB-4074-866A-0AC01334F985}.Release|ARM.Build.0 = Release|ARM
		{85615FFD-DADB-4074-866A-0AC01334F985}.Release|ARM.Deploy.0 = Release|ARM
		{85615FFD-DADB-4074-866A-0AC01334F985}.Release|x64.ActiveCfg = Release|x64
		{85615FFD-DADB-4074-866A-0AC01334F985}.Release|x64.Build.0 = Release|x64
		{85615FFD-DADB-4074-866A-0AC01334F985}.Release|x64.Deploy.0 = Release|x64
		{85615FFD-DADB-4074-866A-0AC01334F985}.Release|x86.ActiveCfg = Release|x86
		{85615FFD-DADB-4074-866A-0AC01334F985}.Release|x86.Build.0 = Release|x86
		{85615FFD-DADB-4074-866A-0AC01334F985}.Release|x86.Deploy.0 = Release|x86
		{61A26D50-1205-4DA9-A1F4-7300EA83F87E}.Debug|Any CPU.ActiveCfg = Debug|Any CPU
		{61A26D50-1205-4DA9-A1F4-7300EA83F87E}.Debug|Any CPU.Build.0 = Debug|Any CPU
		{61A26D50-1205-4DA9-A1F4-7300EA83F87E}.Debug|Any CPU.Deploy.0 = Debug|Any CPU
		{61A26D50-1205-4DA9-A1F4-7300EA83F87E}.Debug|ARM.ActiveCfg = Debug|ARM
		{61A26D50-1205-4DA9-A1F4-7300EA83F87E}.Debug|ARM.Build.0 = Debug|ARM
		{61A26D50-1205-4DA9-A1F4-7300EA83F87E}.Debug|ARM.Deploy.0 = Debug|ARM
		{61A26D50-1205-4DA9-A1F4-7300EA83F87E}.Debug|x64.ActiveCfg = Debug|x64
		{61A26D50-1205-4DA9-A1F4-7300EA83F87E}.Debug|x64.Build.0 = Debug|x64
		{61A26D50-1205-4DA9-A1F4-7300EA83F87E}.Debug|x64.Deploy.0 = Debug|x64
		{61A26D50-1205-4DA9-A1F4-7300EA83F87E}.Debug|x86.ActiveCfg = Debug|x86
		{61A26D50-1205-4DA9-A1F4-7300EA83F87E}.Debug|x86.Build.0 = Debug|x86
		{61A26D50-1205-4DA9-A1F4-7300EA83F87E}.Debug|x86.Deploy.0 = Debug|x86
		{61A26D50-1205-4DA9-A1F4-7300EA83F87E}.Release|Any CPU.ActiveCfg = Release|Any CPU
		{61A26D50-1205-4DA9-A1F4-7300EA83F87E}.Release|Any CPU.Build.0 = Release|Any CPU
		{61A26D50-1205-4DA9-A1F4-7300EA83F87E}.Release|Any CPU.Deploy.0 = Release|Any CPU
		{61A26D50-1205-4DA9-A1F4-7300EA83F87E}.Release|ARM.ActiveCfg = Release|ARM
		{61A26D50-1205-4DA9-A1F4-7300EA83F87E}.Release|ARM.Build.0 = Release|ARM
		{61A26D50-1205-4DA9-A1F4-7300EA83F87E}.Release|ARM.Deploy.0 = Release|ARM
		{61A26D50-1205-4DA9-A1F4-7300EA83F87E}.Release|x64.ActiveCfg = Release|x64
		{61A26D50-1205-4DA9-A1F4-7300EA83F87E}.Release|x64.Build.0 = Release|x64
		{61A26D50-1205-4DA9-A1F4-7300EA83F87E}.Release|x64.Deploy.0 = Release|x64
		{61A26D50-1205-4DA9-A1F4-7300EA83F87E}.Release|x86.ActiveCfg = Release|x86
		{61A26D50-1205-4DA9-A1F4-7300EA83F87E}.Release|x86.Build.0 = Release|x86
		{61A26D50-1205-4DA9-A1F4-7300EA83F87E}.Release|x86.Deploy.0 = Release|x86
		{EE47147B-1B4A-4B6D-A577-D0303A13F25D}.Debug|Any CPU.ActiveCfg = Debug|Any CPU
		{EE47147B-1B4A-4B6D-A577-D0303A13F25D}.Debug|Any CPU.Build.0 = Debug|Any CPU
		{EE47147B-1B4A-4B6D-A577-D0303A13F25D}.Debug|Any CPU.Deploy.0 = Debug|Any CPU
		{EE47147B-1B4A-4B6D-A577-D0303A13F25D}.Debug|ARM.ActiveCfg = Debug|ARM
		{EE47147B-1B4A-4B6D-A577-D0303A13F25D}.Debug|ARM.Build.0 = Debug|ARM
		{EE47147B-1B4A-4B6D-A577-D0303A13F25D}.Debug|ARM.Deploy.0 = Debug|ARM
		{EE47147B-1B4A-4B6D-A577-D0303A13F25D}.Debug|x64.ActiveCfg = Debug|x64
		{EE47147B-1B4A-4B6D-A577-D0303A13F25D}.Debug|x64.Build.0 = Debug|x64
		{EE47147B-1B4A-4B6D-A577-D0303A13F25D}.Debug|x64.Deploy.0 = Debug|x64
		{EE47147B-1B4A-4B6D-A577-D0303A13F25D}.Debug|x86.ActiveCfg = Debug|x86
		{EE47147B-1B4A-4B6D-A577-D0303A13F25D}.Debug|x86.Build.0 = Debug|x86
		{EE47147B-1B4A-4B6D-A577-D0303A13F25D}.Debug|x86.Deploy.0 = Debug|x86
		{EE47147B-1B4A-4B6D-A577-D0303A13F25D}.Release|Any CPU.ActiveCfg = Release|Any CPU
		{EE47147B-1B4A-4B6D-A577-D0303A13F25D}.Release|Any CPU.Build.0 = Release|Any CPU
		{EE47147B-1B4A-4B6D-A577-D0303A13F25D}.Release|Any CPU.Deploy.0 = Release|Any CPU
		{EE47147B-1B4A-4B6D-A577-D0303A13F25D}.Release|ARM.ActiveCfg = Release|ARM
		{EE47147B-1B4A-4B6D-A577-D0303A13F25D}.Release|ARM.Build.0 = Release|ARM
		{EE47147B-1B4A-4B6D-A577-D0303A13F25D}.Release|ARM.Deploy.0 = Release|ARM
		{EE47147B-1B4A-4B6D-A577-D0303A13F25D}.Release|x64.ActiveCfg = Release|x64
		{EE47147B-1B4A-4B6D-A577-D0303A13F25D}.Release|x64.Build.0 = Release|x64
		{EE47147B-1B4A-4B6D-A577-D0303A13F25D}.Release|x64.Deploy.0 = Release|x64
		{EE47147B-1B4A-4B6D-A577-D0303A13F25D}.Release|x86.ActiveCfg = Release|x86
		{EE47147B-1B4A-4B6D-A577-D0303A13F25D}.Release|x86.Build.0 = Release|x86
		{EE47147B-1B4A-4B6D-A577-D0303A13F25D}.Release|x86.Deploy.0 = Release|x86
		{831FABB1-1EC0-4393-B3EF-9522B8934755}.Debug|Any CPU.ActiveCfg = Debug|Any CPU
		{831FABB1-1EC0-4393-B3EF-9522B8934755}.Debug|Any CPU.Build.0 = Debug|Any CPU
		{831FABB1-1EC0-4393-B3EF-9522B8934755}.Debug|Any CPU.Deploy.0 = Debug|Any CPU
		{831FABB1-1EC0-4393-B3EF-9522B8934755}.Debug|ARM.ActiveCfg = Debug|ARM
		{831FABB1-1EC0-4393-B3EF-9522B8934755}.Debug|ARM.Build.0 = Debug|ARM
		{831FABB1-1EC0-4393-B3EF-9522B8934755}.Debug|ARM.Deploy.0 = Debug|ARM
		{831FABB1-1EC0-4393-B3EF-9522B8934755}.Debug|x64.ActiveCfg = Debug|x64
		{831FABB1-1EC0-4393-B3EF-9522B8934755}.Debug|x64.Build.0 = Debug|x64
		{831FABB1-1EC0-4393-B3EF-9522B8934755}.Debug|x64.Deploy.0 = Debug|x64
		{831FABB1-1EC0-4393-B3EF-9522B8934755}.Debug|x86.ActiveCfg = Debug|x86
		{831FABB1-1EC0-4393-B3EF-9522B8934755}.Debug|x86.Build.0 = Debug|x86
		{831FABB1-1EC0-4393-B3EF-9522B8934755}.Debug|x86.Deploy.0 = Debug|x86
		{831FABB1-1EC0-4393-B3EF-9522B8934755}.Release|Any CPU.ActiveCfg = Release|Any CPU
		{831FABB1-1EC0-4393-B3EF-9522B8934755}.Release|Any CPU.Build.0 = Release|Any CPU
		{831FABB1-1EC0-4393-B3EF-9522B8934755}.Release|Any CPU.Deploy.0 = Release|Any CPU
		{831FABB1-1EC0-4393-B3EF-9522B8934755}.Release|ARM.ActiveCfg = Release|ARM
		{831FABB1-1EC0-4393-B3EF-9522B8934755}.Release|ARM.Build.0 = Release|ARM
		{831FABB1-1EC0-4393-B3EF-9522B8934755}.Release|ARM.Deploy.0 = Release|ARM
		{831FABB1-1EC0-4393-B3EF-9522B8934755}.Release|x64.ActiveCfg = Release|x64
		{831FABB1-1EC0-4393-B3EF-9522B8934755}.Release|x64.Build.0 = Release|x64
		{831FABB1-1EC0-4393-B3EF-9522B8934755}.Release|x64.Deploy.0 = Release|x64
		{831FABB1-1EC0-4393-B3EF-9522B8934755}.Release|x86.ActiveCfg = Release|x86
		{831FABB1-1EC0-4393-B3EF-9522B8934755}.Release|x86.Build.0 = Release|x86
		{831FABB1-1EC0-4393-B3EF-9522B8934755}.Release|x86.Deploy.0 = Release|x86
		{7DA8582D-2B41-434F-95CC-0502D1628155}.Debug|Any CPU.ActiveCfg = Debug|Any CPU
		{7DA8582D-2B41-434F-95CC-0502D1628155}.Debug|Any CPU.Build.0 = Debug|Any CPU
		{7DA8582D-2B41-434F-95CC-0502D1628155}.Debug|Any CPU.Deploy.0 = Debug|Any CPU
		{7DA8582D-2B41-434F-95CC-0502D1628155}.Debug|ARM.ActiveCfg = Debug|ARM
		{7DA8582D-2B41-434F-95CC-0502D1628155}.Debug|ARM.Build.0 = Debug|ARM
		{7DA8582D-2B41-434F-95CC-0502D1628155}.Debug|ARM.Deploy.0 = Debug|ARM
		{7DA8582D-2B41-434F-95CC-0502D1628155}.Debug|x64.ActiveCfg = Debug|x64
		{7DA8582D-2B41-434F-95CC-0502D1628155}.Debug|x64.Build.0 = Debug|x64
		{7DA8582D-2B41-434F-95CC-0502D1628155}.Debug|x64.Deploy.0 = Debug|x64
		{7DA8582D-2B41-434F-95CC-0502D1628155}.Debug|x86.ActiveCfg = Debug|x86
		{7DA8582D-2B41-434F-95CC-0502D1628155}.Debug|x86.Build.0 = Debug|x86
		{7DA8582D-2B41-434F-95CC-0502D1628155}.Debug|x86.Deploy.0 = Debug|x86
		{7DA8582D-2B41-434F-95CC-0502D1628155}.Release|Any CPU.ActiveCfg = Release|Any CPU
		{7DA8582D-2B41-434F-95CC-0502D1628155}.Release|Any CPU.Build.0 = Release|Any CPU
		{7DA8582D-2B41-434F-95CC-0502D1628155}.Release|Any CPU.Deploy.0 = Release|Any CPU
		{7DA8582D-2B41-434F-95CC-0502D1628155}.Release|ARM.ActiveCfg = Release|ARM
		{7DA8582D-2B41-434F-95CC-0502D1628155}.Release|ARM.Build.0 = Release|ARM
		{7DA8582D-2B41-434F-95CC-0502D1628155}.Release|ARM.Deploy.0 = Release|ARM
		{7DA8582D-2B41-434F-95CC-0502D1628155}.Release|x64.ActiveCfg = Release|x64
		{7DA8582D-2B41-434F-95CC-0502D1628155}.Release|x64.Build.0 = Release|x64
		{7DA8582D-2B41-434F-95CC-0502D1628155}.Release|x64.Deploy.0 = Release|x64
		{7DA8582D-2B41-434F-95CC-0502D1628155}.Release|x86.ActiveCfg = Release|x86
		{7DA8582D-2B41-434F-95CC-0502D1628155}.Release|x86.Build.0 = Release|x86
		{7DA8582D-2B41-434F-95CC-0502D1628155}.Release|x86.Deploy.0 = Release|x86
		{5322FC68-3EE4-4521-A79F-FA9BA16DEEF4}.Debug|Any CPU.ActiveCfg = Debug|Any CPU
		{5322FC68-3EE4-4521-A79F-FA9BA16DEEF4}.Debug|Any CPU.Build.0 = Debug|Any CPU
		{5322FC68-3EE4-4521-A79F-FA9BA16DEEF4}.Debug|Any CPU.Deploy.0 = Debug|Any CPU
		{5322FC68-3EE4-4521-A79F-FA9BA16DEEF4}.Debug|ARM.ActiveCfg = Debug|ARM
		{5322FC68-3EE4-4521-A79F-FA9BA16DEEF4}.Debug|ARM.Build.0 = Debug|ARM
		{5322FC68-3EE4-4521-A79F-FA9BA16DEEF4}.Debug|ARM.Deploy.0 = Debug|ARM
		{5322FC68-3EE4-4521-A79F-FA9BA16DEEF4}.Debug|x64.ActiveCfg = Debug|x64
		{5322FC68-3EE4-4521-A79F-FA9BA16DEEF4}.Debug|x64.Build.0 = Debug|x64
		{5322FC68-3EE4-4521-A79F-FA9BA16DEEF4}.Debug|x64.Deploy.0 = Debug|x64
		{5322FC68-3EE4-4521-A79F-FA9BA16DEEF4}.Debug|x86.ActiveCfg = Debug|x86
		{5322FC68-3EE4-4521-A79F-FA9BA16DEEF4}.Debug|x86.Build.0 = Debug|x86
		{5322FC68-3EE4-4521-A79F-FA9BA16DEEF4}.Debug|x86.Deploy.0 = Debug|x86
		{5322FC68-3EE4-4521-A79F-FA9BA16DEEF4}.Release|Any CPU.ActiveCfg = Release|Any CPU
		{5322FC68-3EE4-4521-A79F-FA9BA16DEEF4}.Release|Any CPU.Build.0 = Release|Any CPU
		{5322FC68-3EE4-4521-A79F-FA9BA16DEEF4}.Release|Any CPU.Deploy.0 = Release|Any CPU
		{5322FC68-3EE4-4521-A79F-FA9BA16DEEF4}.Release|ARM.ActiveCfg = Release|ARM
		{5322FC68-3EE4-4521-A79F-FA9BA16DEEF4}.Release|ARM.Build.0 = Release|ARM
		{5322FC68-3EE4-4521-A79F-FA9BA16DEEF4}.Release|ARM.Deploy.0 = Release|ARM
		{5322FC68-3EE4-4521-A79F-FA9BA16DEEF4}.Release|x64.ActiveCfg = Release|x64
		{5322FC68-3EE4-4521-A79F-FA9BA16DEEF4}.Release|x64.Build.0 = Release|x64
		{5322FC68-3EE4-4521-A79F-FA9BA16DEEF4}.Release|x64.Deploy.0 = Release|x64
		{5322FC68-3EE4-4521-A79F-FA9BA16DEEF4}.Release|x86.ActiveCfg = Release|x86
		{5322FC68-3EE4-4521-A79F-FA9BA16DEEF4}.Release|x86.Build.0 = Release|x86
		{5322FC68-3EE4-4521-A79F-FA9BA16DEEF4}.Release|x86.Deploy.0 = Release|x86
		{2AF1CEE6-C356-445C-942F-B7A2DD97D95D}.Debug|Any CPU.ActiveCfg = Debug|Any CPU
		{2AF1CEE6-C356-445C-942F-B7A2DD97D95D}.Debug|Any CPU.Build.0 = Debug|Any CPU
		{2AF1CEE6-C356-445C-942F-B7A2DD97D95D}.Debug|Any CPU.Deploy.0 = Debug|Any CPU
		{2AF1CEE6-C356-445C-942F-B7A2DD97D95D}.Debug|ARM.ActiveCfg = Debug|ARM
		{2AF1CEE6-C356-445C-942F-B7A2DD97D95D}.Debug|ARM.Build.0 = Debug|ARM
		{2AF1CEE6-C356-445C-942F-B7A2DD97D95D}.Debug|ARM.Deploy.0 = Debug|ARM
		{2AF1CEE6-C356-445C-942F-B7A2DD97D95D}.Debug|x64.ActiveCfg = Debug|x64
		{2AF1CEE6-C356-445C-942F-B7A2DD97D95D}.Debug|x64.Build.0 = Debug|x64
		{2AF1CEE6-C356-445C-942F-B7A2DD97D95D}.Debug|x64.Deploy.0 = Debug|x64
		{2AF1CEE6-C356-445C-942F-B7A2DD97D95D}.Debug|x86.ActiveCfg = Debug|x86
		{2AF1CEE6-C356-445C-942F-B7A2DD97D95D}.Debug|x86.Build.0 = Debug|x86
		{2AF1CEE6-C356-445C-942F-B7A2DD97D95D}.Debug|x86.Deploy.0 = Debug|x86
		{2AF1CEE6-C356-445C-942F-B7A2DD97D95D}.Release|Any CPU.ActiveCfg = Release|Any CPU
		{2AF1CEE6-C356-445C-942F-B7A2DD97D95D}.Release|Any CPU.Build.0 = Release|Any CPU
		{2AF1CEE6-C356-445C-942F-B7A2DD97D95D}.Release|Any CPU.Deploy.0 = Release|Any CPU
		{2AF1CEE6-C356-445C-942F-B7A2DD97D95D}.Release|ARM.ActiveCfg = Release|ARM
		{2AF1CEE6-C356-445C-942F-B7A2DD97D95D}.Release|ARM.Build.0 = Release|ARM
		{2AF1CEE6-C356-445C-942F-B7A2DD97D95D}.Release|ARM.Deploy.0 = Release|ARM
		{2AF1CEE6-C356-445C-942F-B7A2DD97D95D}.Release|x64.ActiveCfg = Release|x64
		{2AF1CEE6-C356-445C-942F-B7A2DD97D95D}.Release|x64.Build.0 = Release|x64
		{2AF1CEE6-C356-445C-942F-B7A2DD97D95D}.Release|x64.Deploy.0 = Release|x64
		{2AF1CEE6-C356-445C-942F-B7A2DD97D95D}.Release|x86.ActiveCfg = Release|x86
		{2AF1CEE6-C356-445C-942F-B7A2DD97D95D}.Release|x86.Build.0 = Release|x86
		{2AF1CEE6-C356-445C-942F-B7A2DD97D95D}.Release|x86.Deploy.0 = Release|x86
		{682366F3-08E2-4EEA-86A6-002D7917365E}.Debug|Any CPU.ActiveCfg = Debug|Any CPU
		{682366F3-08E2-4EEA-86A6-002D7917365E}.Debug|Any CPU.Build.0 = Debug|Any CPU
		{682366F3-08E2-4EEA-86A6-002D7917365E}.Debug|Any CPU.Deploy.0 = Debug|Any CPU
		{682366F3-08E2-4EEA-86A6-002D7917365E}.Debug|ARM.ActiveCfg = Debug|ARM
		{682366F3-08E2-4EEA-86A6-002D7917365E}.Debug|ARM.Build.0 = Debug|ARM
		{682366F3-08E2-4EEA-86A6-002D7917365E}.Debug|ARM.Deploy.0 = Debug|ARM
		{682366F3-08E2-4EEA-86A6-002D7917365E}.Debug|x64.ActiveCfg = Debug|x64
		{682366F3-08E2-4EEA-86A6-002D7917365E}.Debug|x64.Build.0 = Debug|x64
		{682366F3-08E2-4EEA-86A6-002D7917365E}.Debug|x64.Deploy.0 = Debug|x64
		{682366F3-08E2-4EEA-86A6-002D7917365E}.Debug|x86.ActiveCfg = Debug|x86
		{682366F3-08E2-4EEA-86A6-002D7917365E}.Debug|x86.Build.0 = Debug|x86
		{682366F3-08E2-4EEA-86A6-002D7917365E}.Debug|x86.Deploy.0 = Debug|x86
		{682366F3-08E2-4EEA-86A6-002D7917365E}.Release|Any CPU.ActiveCfg = Release|Any CPU
		{682366F3-08E2-4EEA-86A6-002D7917365E}.Release|Any CPU.Build.0 = Release|Any CPU
		{682366F3-08E2-4EEA-86A6-002D7917365E}.Release|Any CPU.Deploy.0 = Release|Any CPU
		{682366F3-08E2-4EEA-86A6-002D7917365E}.Release|ARM.ActiveCfg = Release|ARM
		{682366F3-08E2-4EEA-86A6-002D7917365E}.Release|ARM.Build.0 = Release|ARM
		{682366F3-08E2-4EEA-86A6-002D7917365E}.Release|ARM.Deploy.0 = Release|ARM
		{682366F3-08E2-4EEA-86A6-002D7917365E}.Release|x64.ActiveCfg = Release|x64
		{682366F3-08E2-4EEA-86A6-002D7917365E}.Release|x64.Build.0 = Release|x64
		{682366F3-08E2-4EEA-86A6-002D7917365E}.Release|x64.Deploy.0 = Release|x64
		{682366F3-08E2-4EEA-86A6-002D7917365E}.Release|x86.ActiveCfg = Release|x86
		{682366F3-08E2-4EEA-86A6-002D7917365E}.Release|x86.Build.0 = Release|x86
		{682366F3-08E2-4EEA-86A6-002D7917365E}.Release|x86.Deploy.0 = Release|x86
		{394E2B97-577C-42D9-9125-B4407AE6938E}.Debug|Any CPU.ActiveCfg = Debug|Any CPU
		{394E2B97-577C-42D9-9125-B4407AE6938E}.Debug|Any CPU.Build.0 = Debug|Any CPU
		{394E2B97-577C-42D9-9125-B4407AE6938E}.Debug|Any CPU.Deploy.0 = Debug|Any CPU
		{394E2B97-577C-42D9-9125-B4407AE6938E}.Debug|ARM.ActiveCfg = Debug|ARM
		{394E2B97-577C-42D9-9125-B4407AE6938E}.Debug|ARM.Build.0 = Debug|ARM
		{394E2B97-577C-42D9-9125-B4407AE6938E}.Debug|ARM.Deploy.0 = Debug|ARM
		{394E2B97-577C-42D9-9125-B4407AE6938E}.Debug|x64.ActiveCfg = Debug|x64
		{394E2B97-577C-42D9-9125-B4407AE6938E}.Debug|x64.Build.0 = Debug|x64
		{394E2B97-577C-42D9-9125-B4407AE6938E}.Debug|x64.Deploy.0 = Debug|x64
		{394E2B97-577C-42D9-9125-B4407AE6938E}.Debug|x86.ActiveCfg = Debug|x86
		{394E2B97-577C-42D9-9125-B4407AE6938E}.Debug|x86.Build.0 = Debug|x86
		{394E2B97-577C-42D9-9125-B4407AE6938E}.Debug|x86.Deploy.0 = Debug|x86
		{394E2B97-577C-42D9-9125-B4407AE6938E}.Release|Any CPU.ActiveCfg = Release|Any CPU
		{394E2B97-577C-42D9-9125-B4407AE6938E}.Release|Any CPU.Build.0 = Release|Any CPU
		{394E2B97-577C-42D9-9125-B4407AE6938E}.Release|Any CPU.Deploy.0 = Release|Any CPU
		{394E2B97-577C-42D9-9125-B4407AE6938E}.Release|ARM.ActiveCfg = Release|ARM
		{394E2B97-577C-42D9-9125-B4407AE6938E}.Release|ARM.Build.0 = Release|ARM
		{394E2B97-577C-42D9-9125-B4407AE6938E}.Release|ARM.Deploy.0 = Release|ARM
		{394E2B97-577C-42D9-9125-B4407AE6938E}.Release|x64.ActiveCfg = Release|x64
		{394E2B97-577C-42D9-9125-B4407AE6938E}.Release|x64.Build.0 = Release|x64
		{394E2B97-577C-42D9-9125-B4407AE6938E}.Release|x64.Deploy.0 = Release|x64
		{394E2B97-577C-42D9-9125-B4407AE6938E}.Release|x86.ActiveCfg = Release|x86
		{394E2B97-577C-42D9-9125-B4407AE6938E}.Release|x86.Build.0 = Release|x86
		{394E2B97-577C-42D9-9125-B4407AE6938E}.Release|x86.Deploy.0 = Release|x86
		{B45E7B6D-E6D9-45EE-A5D0-1AB09E673354}.Debug|Any CPU.ActiveCfg = Debug|Any CPU
		{B45E7B6D-E6D9-45EE-A5D0-1AB09E673354}.Debug|Any CPU.Build.0 = Debug|Any CPU
		{B45E7B6D-E6D9-45EE-A5D0-1AB09E673354}.Debug|Any CPU.Deploy.0 = Debug|Any CPU
		{B45E7B6D-E6D9-45EE-A5D0-1AB09E673354}.Debug|ARM.ActiveCfg = Debug|ARM
		{B45E7B6D-E6D9-45EE-A5D0-1AB09E673354}.Debug|ARM.Build.0 = Debug|ARM
		{B45E7B6D-E6D9-45EE-A5D0-1AB09E673354}.Debug|ARM.Deploy.0 = Debug|ARM
		{B45E7B6D-E6D9-45EE-A5D0-1AB09E673354}.Debug|x64.ActiveCfg = Debug|x64
		{B45E7B6D-E6D9-45EE-A5D0-1AB09E673354}.Debug|x64.Build.0 = Debug|x64
		{B45E7B6D-E6D9-45EE-A5D0-1AB09E673354}.Debug|x64.Deploy.0 = Debug|x64
		{B45E7B6D-E6D9-45EE-A5D0-1AB09E673354}.Debug|x86.ActiveCfg = Debug|x86
		{B45E7B6D-E6D9-45EE-A5D0-1AB09E673354}.Debug|x86.Build.0 = Debug|x86
		{B45E7B6D-E6D9-45EE-A5D0-1AB09E673354}.Debug|x86.Deploy.0 = Debug|x86
		{B45E7B6D-E6D9-45EE-A5D0-1AB09E673354}.Release|Any CPU.ActiveCfg = Release|Any CPU
		{B45E7B6D-E6D9-45EE-A5D0-1AB09E673354}.Release|Any CPU.Build.0 = Release|Any CPU
		{B45E7B6D-E6D9-45EE-A5D0-1AB09E673354}.Release|Any CPU.Deploy.0 = Release|Any CPU
		{B45E7B6D-E6D9-45EE-A5D0-1AB09E673354}.Release|ARM.ActiveCfg = Release|ARM
		{B45E7B6D-E6D9-45EE-A5D0-1AB09E673354}.Release|ARM.Build.0 = Release|ARM
		{B45E7B6D-E6D9-45EE-A5D0-1AB09E673354}.Release|ARM.Deploy.0 = Release|ARM
		{B45E7B6D-E6D9-45EE-A5D0-1AB09E673354}.Release|x64.ActiveCfg = Release|x64
		{B45E7B6D-E6D9-45EE-A5D0-1AB09E673354}.Release|x64.Build.0 = Release|x64
		{B45E7B6D-E6D9-45EE-A5D0-1AB09E673354}.Release|x64.Deploy.0 = Release|x64
		{B45E7B6D-E6D9-45EE-A5D0-1AB09E673354}.Release|x86.ActiveCfg = Release|x86
		{B45E7B6D-E6D9-45EE-A5D0-1AB09E673354}.Release|x86.Build.0 = Release|x86
		{B45E7B6D-E6D9-45EE-A5D0-1AB09E673354}.Release|x86.Deploy.0 = Release|x86
		{F8C8A265-2104-4E3E-ABBB-294A42AD1068}.Debug|Any CPU.ActiveCfg = Debug|Any CPU
		{F8C8A265-2104-4E3E-ABBB-294A42AD1068}.Debug|Any CPU.Build.0 = Debug|Any CPU
		{F8C8A265-2104-4E3E-ABBB-294A42AD1068}.Debug|Any CPU.Deploy.0 = Debug|Any CPU
		{F8C8A265-2104-4E3E-ABBB-294A42AD1068}.Debug|ARM.ActiveCfg = Debug|ARM
		{F8C8A265-2104-4E3E-ABBB-294A42AD1068}.Debug|ARM.Build.0 = Debug|ARM
		{F8C8A265-2104-4E3E-ABBB-294A42AD1068}.Debug|ARM.Deploy.0 = Debug|ARM
		{F8C8A265-2104-4E3E-ABBB-294A42AD1068}.Debug|x64.ActiveCfg = Debug|x64
		{F8C8A265-2104-4E3E-ABBB-294A42AD1068}.Debug|x64.Build.0 = Debug|x64
		{F8C8A265-2104-4E3E-ABBB-294A42AD1068}.Debug|x64.Deploy.0 = Debug|x64
		{F8C8A265-2104-4E3E-ABBB-294A42AD1068}.Debug|x86.ActiveCfg = Debug|x86
		{F8C8A265-2104-4E3E-ABBB-294A42AD1068}.Debug|x86.Build.0 = Debug|x86
		{F8C8A265-2104-4E3E-ABBB-294A42AD1068}.Debug|x86.Deploy.0 = Debug|x86
		{F8C8A265-2104-4E3E-ABBB-294A42AD1068}.Release|Any CPU.ActiveCfg = Release|Any CPU
		{F8C8A265-2104-4E3E-ABBB-294A42AD1068}.Release|Any CPU.Build.0 = Release|Any CPU
		{F8C8A265-2104-4E3E-ABBB-294A42AD1068}.Release|Any CPU.Deploy.0 = Release|Any CPU
		{F8C8A265-2104-4E3E-ABBB-294A42AD1068}.Release|ARM.ActiveCfg = Release|ARM
		{F8C8A265-2104-4E3E-ABBB-294A42AD1068}.Release|ARM.Build.0 = Release|ARM
		{F8C8A265-2104-4E3E-ABBB-294A42AD1068}.Release|ARM.Deploy.0 = Release|ARM
		{F8C8A265-2104-4E3E-ABBB-294A42AD1068}.Release|x64.ActiveCfg = Release|x64
		{F8C8A265-2104-4E3E-ABBB-294A42AD1068}.Release|x64.Build.0 = Release|x64
		{F8C8A265-2104-4E3E-ABBB-294A42AD1068}.Release|x64.Deploy.0 = Release|x64
		{F8C8A265-2104-4E3E-ABBB-294A42AD1068}.Release|x86.ActiveCfg = Release|x86
		{F8C8A265-2104-4E3E-ABBB-294A42AD1068}.Release|x86.Build.0 = Release|x86
		{F8C8A265-2104-4E3E-ABBB-294A42AD1068}.Release|x86.Deploy.0 = Release|x86
		{D18298E4-C78E-428B-93FE-7D6E15226373}.Debug|Any CPU.ActiveCfg = Debug|Any CPU
		{D18298E4-C78E-428B-93FE-7D6E15226373}.Debug|Any CPU.Build.0 = Debug|Any CPU
		{D18298E4-C78E-428B-93FE-7D6E15226373}.Debug|Any CPU.Deploy.0 = Debug|Any CPU
		{D18298E4-C78E-428B-93FE-7D6E15226373}.Debug|ARM.ActiveCfg = Debug|ARM
		{D18298E4-C78E-428B-93FE-7D6E15226373}.Debug|ARM.Build.0 = Debug|ARM
		{D18298E4-C78E-428B-93FE-7D6E15226373}.Debug|ARM.Deploy.0 = Debug|ARM
		{D18298E4-C78E-428B-93FE-7D6E15226373}.Debug|x64.ActiveCfg = Debug|x64
		{D18298E4-C78E-428B-93FE-7D6E15226373}.Debug|x64.Build.0 = Debug|x64
		{D18298E4-C78E-428B-93FE-7D6E15226373}.Debug|x64.Deploy.0 = Debug|x64
		{D18298E4-C78E-428B-93FE-7D6E15226373}.Debug|x86.ActiveCfg = Debug|x86
		{D18298E4-C78E-428B-93FE-7D6E15226373}.Debug|x86.Build.0 = Debug|x86
		{D18298E4-C78E-428B-93FE-7D6E15226373}.Debug|x86.Deploy.0 = Debug|x86
		{D18298E4-C78E-428B-93FE-7D6E15226373}.Release|Any CPU.ActiveCfg = Release|Any CPU
		{D18298E4-C78E-428B-93FE-7D6E15226373}.Release|Any CPU.Build.0 = Release|Any CPU
		{D18298E4-C78E-428B-93FE-7D6E15226373}.Release|Any CPU.Deploy.0 = Release|Any CPU
		{D18298E4-C78E-428B-93FE-7D6E15226373}.Release|ARM.ActiveCfg = Release|ARM
		{D18298E4-C78E-428B-93FE-7D6E15226373}.Release|ARM.Build.0 = Release|ARM
		{D18298E4-C78E-428B-93FE-7D6E15226373}.Release|ARM.Deploy.0 = Release|ARM
		{D18298E4-C78E-428B-93FE-7D6E15226373}.Release|x64.ActiveCfg = Release|x64
		{D18298E4-C78E-428B-93FE-7D6E15226373}.Release|x64.Build.0 = Release|x64
		{D18298E4-C78E-428B-93FE-7D6E15226373}.Release|x64.Deploy.0 = Release|x64
		{D18298E4-C78E-428B-93FE-7D6E15226373}.Release|x86.ActiveCfg = Release|x86
		{D18298E4-C78E-428B-93FE-7D6E15226373}.Release|x86.Build.0 = Release|x86
		{D18298E4-C78E-428B-93FE-7D6E15226373}.Release|x86.Deploy.0 = Release|x86
		{B13A68FD-AAEE-49B5-A6A1-FAEE97F8F1A8}.Debug|Any CPU.ActiveCfg = Debug|Any CPU
		{B13A68FD-AAEE-49B5-A6A1-FAEE97F8F1A8}.Debug|Any CPU.Build.0 = Debug|Any CPU
		{B13A68FD-AAEE-49B5-A6A1-FAEE97F8F1A8}.Debug|Any CPU.Deploy.0 = Debug|Any CPU
		{B13A68FD-AAEE-49B5-A6A1-FAEE97F8F1A8}.Debug|ARM.ActiveCfg = Debug|ARM
		{B13A68FD-AAEE-49B5-A6A1-FAEE97F8F1A8}.Debug|ARM.Build.0 = Debug|ARM
		{B13A68FD-AAEE-49B5-A6A1-FAEE97F8F1A8}.Debug|ARM.Deploy.0 = Debug|ARM
		{B13A68FD-AAEE-49B5-A6A1-FAEE97F8F1A8}.Debug|x64.ActiveCfg = Debug|x64
		{B13A68FD-AAEE-49B5-A6A1-FAEE97F8F1A8}.Debug|x64.Build.0 = Debug|x64
		{B13A68FD-AAEE-49B5-A6A1-FAEE97F8F1A8}.Debug|x64.Deploy.0 = Debug|x64
		{B13A68FD-AAEE-49B5-A6A1-FAEE97F8F1A8}.Debug|x86.ActiveCfg = Debug|x86
		{B13A68FD-AAEE-49B5-A6A1-FAEE97F8F1A8}.Debug|x86.Build.0 = Debug|x86
		{B13A68FD-AAEE-49B5-A6A1-FAEE97F8F1A8}.Debug|x86.Deploy.0 = Debug|x86
		{B13A68FD-AAEE-49B5-A6A1-FAEE97F8F1A8}.Release|Any CPU.ActiveCfg = Release|Any CPU
		{B13A68FD-AAEE-49B5-A6A1-FAEE97F8F1A8}.Release|Any CPU.Build.0 = Release|Any CPU
		{B13A68FD-AAEE-49B5-A6A1-FAEE97F8F1A8}.Release|Any CPU.Deploy.0 = Release|Any CPU
		{B13A68FD-AAEE-49B5-A6A1-FAEE97F8F1A8}.Release|ARM.ActiveCfg = Release|ARM
		{B13A68FD-AAEE-49B5-A6A1-FAEE97F8F1A8}.Release|ARM.Build.0 = Release|ARM
		{B13A68FD-AAEE-49B5-A6A1-FAEE97F8F1A8}.Release|ARM.Deploy.0 = Release|ARM
		{B13A68FD-AAEE-49B5-A6A1-FAEE97F8F1A8}.Release|x64.ActiveCfg = Release|x64
		{B13A68FD-AAEE-49B5-A6A1-FAEE97F8F1A8}.Release|x64.Build.0 = Release|x64
		{B13A68FD-AAEE-49B5-A6A1-FAEE97F8F1A8}.Release|x64.Deploy.0 = Release|x64
		{B13A68FD-AAEE-49B5-A6A1-FAEE97F8F1A8}.Release|x86.ActiveCfg = Release|x86
		{B13A68FD-AAEE-49B5-A6A1-FAEE97F8F1A8}.Release|x86.Build.0 = Release|x86
		{B13A68FD-AAEE-49B5-A6A1-FAEE97F8F1A8}.Release|x86.Deploy.0 = Release|x86
		{E800FB35-499D-4FF9-9ECB-C329B991223D}.Debug|Any CPU.ActiveCfg = Debug|Any CPU
		{E800FB35-499D-4FF9-9ECB-C329B991223D}.Debug|Any CPU.Build.0 = Debug|Any CPU
		{E800FB35-499D-4FF9-9ECB-C329B991223D}.Debug|Any CPU.Deploy.0 = Debug|Any CPU
		{E800FB35-499D-4FF9-9ECB-C329B991223D}.Debug|ARM.ActiveCfg = Debug|ARM
		{E800FB35-499D-4FF9-9ECB-C329B991223D}.Debug|ARM.Build.0 = Debug|ARM
		{E800FB35-499D-4FF9-9ECB-C329B991223D}.Debug|ARM.Deploy.0 = Debug|ARM
		{E800FB35-499D-4FF9-9ECB-C329B991223D}.Debug|x64.ActiveCfg = Debug|x64
		{E800FB35-499D-4FF9-9ECB-C329B991223D}.Debug|x64.Build.0 = Debug|x64
		{E800FB35-499D-4FF9-9ECB-C329B991223D}.Debug|x64.Deploy.0 = Debug|x64
		{E800FB35-499D-4FF9-9ECB-C329B991223D}.Debug|x86.ActiveCfg = Debug|x86
		{E800FB35-499D-4FF9-9ECB-C329B991223D}.Debug|x86.Build.0 = Debug|x86
		{E800FB35-499D-4FF9-9ECB-C329B991223D}.Debug|x86.Deploy.0 = Debug|x86
		{E800FB35-499D-4FF9-9ECB-C329B991223D}.Release|Any CPU.ActiveCfg = Release|Any CPU
		{E800FB35-499D-4FF9-9ECB-C329B991223D}.Release|Any CPU.Build.0 = Release|Any CPU
		{E800FB35-499D-4FF9-9ECB-C329B991223D}.Release|Any CPU.Deploy.0 = Release|Any CPU
		{E800FB35-499D-4FF9-9ECB-C329B991223D}.Release|ARM.ActiveCfg = Release|ARM
		{E800FB35-499D-4FF9-9ECB-C329B991223D}.Release|ARM.Build.0 = Release|ARM
		{E800FB35-499D-4FF9-9ECB-C329B991223D}.Release|ARM.Deploy.0 = Release|ARM
		{E800FB35-499D-4FF9-9ECB-C329B991223D}.Release|x64.ActiveCfg = Release|x64
		{E800FB35-499D-4FF9-9ECB-C329B991223D}.Release|x64.Build.0 = Release|x64
		{E800FB35-499D-4FF9-9ECB-C329B991223D}.Release|x64.Deploy.0 = Release|x64
		{E800FB35-499D-4FF9-9ECB-C329B991223D}.Release|x86.ActiveCfg = Release|x86
		{E800FB35-499D-4FF9-9ECB-C329B991223D}.Release|x86.Build.0 = Release|x86
		{E800FB35-499D-4FF9-9ECB-C329B991223D}.Release|x86.Deploy.0 = Release|x86
		{F3CB4730-34ED-473F-A432-74A0C1B864B4}.Debug|Any CPU.ActiveCfg = Debug|Any CPU
		{F3CB4730-34ED-473F-A432-74A0C1B864B4}.Debug|Any CPU.Build.0 = Debug|Any CPU
		{F3CB4730-34ED-473F-A432-74A0C1B864B4}.Debug|Any CPU.Deploy.0 = Debug|Any CPU
		{F3CB4730-34ED-473F-A432-74A0C1B864B4}.Debug|ARM.ActiveCfg = Debug|ARM
		{F3CB4730-34ED-473F-A432-74A0C1B864B4}.Debug|ARM.Build.0 = Debug|ARM
		{F3CB4730-34ED-473F-A432-74A0C1B864B4}.Debug|ARM.Deploy.0 = Debug|ARM
		{F3CB4730-34ED-473F-A432-74A0C1B864B4}.Debug|x64.ActiveCfg = Debug|x64
		{F3CB4730-34ED-473F-A432-74A0C1B864B4}.Debug|x64.Build.0 = Debug|x64
		{F3CB4730-34ED-473F-A432-74A0C1B864B4}.Debug|x64.Deploy.0 = Debug|x64
		{F3CB4730-34ED-473F-A432-74A0C1B864B4}.Debug|x86.ActiveCfg = Debug|x86
		{F3CB4730-34ED-473F-A432-74A0C1B864B4}.Debug|x86.Build.0 = Debug|x86
		{F3CB4730-34ED-473F-A432-74A0C1B864B4}.Debug|x86.Deploy.0 = Debug|x86
		{F3CB4730-34ED-473F-A432-74A0C1B864B4}.Release|Any CPU.ActiveCfg = Release|Any CPU
		{F3CB4730-34ED-473F-A432-74A0C1B864B4}.Release|Any CPU.Build.0 = Release|Any CPU
		{F3CB4730-34ED-473F-A432-74A0C1B864B4}.Release|Any CPU.Deploy.0 = Release|Any CPU
		{F3CB4730-34ED-473F-A432-74A0C1B864B4}.Release|ARM.ActiveCfg = Release|ARM
		{F3CB4730-34ED-473F-A432-74A0C1B864B4}.Release|ARM.Build.0 = Release|ARM
		{F3CB4730-34ED-473F-A432-74A0C1B864B4}.Release|ARM.Deploy.0 = Release|ARM
		{F3CB4730-34ED-473F-A432-74A0C1B864B4}.Release|x64.ActiveCfg = Release|x64
		{F3CB4730-34ED-473F-A432-74A0C1B864B4}.Release|x64.Build.0 = Release|x64
		{F3CB4730-34ED-473F-A432-74A0C1B864B4}.Release|x64.Deploy.0 = Release|x64
		{F3CB4730-34ED-473F-A432-74A0C1B864B4}.Release|x86.ActiveCfg = Release|x86
		{F3CB4730-34ED-473F-A432-74A0C1B864B4}.Release|x86.Build.0 = Release|x86
		{F3CB4730-34ED-473F-A432-74A0C1B864B4}.Release|x86.Deploy.0 = Release|x86
	EndGlobalSection
	GlobalSection(SolutionProperties) = preSolution
		HideSolutionNode = FALSE
	EndGlobalSection
EndGlobal
